
Microsoft Visual Studio Solution File, Format Version 11.00
# Visual Studio 2010
Project("{FAE04EC0-301F-11D3-BF4B-00C04F79EFBC}") = "Unity.Timeline", "Unity.Timeline.csproj", "{f847bd9c-27b7-e901-0271-66b931008990}"
EndProject
Project("{FAE04EC0-301F-11D3-BF4B-00C04F79EFBC}") = "Unity.RenderPipelines.GPUDriven.Runtime", "Unity.RenderPipelines.GPUDriven.Runtime.csproj", "{8c184b69-fea7-c0e1-bfc5-ce3663a4503a}"
EndProject
Project("{FAE04EC0-301F-11D3-BF4B-00C04F79EFBC}") = "Unity.PlasticSCM.Editor", "Unity.PlasticSCM.Editor.csproj", "{12f08900-922c-f5e6-b428-31f48c980c0f}"
EndProject
Project("{FAE04EC0-301F-11D3-BF4B-00C04F79EFBC}") = "Unity.ShaderGraph.Editor", "Unity.ShaderGraph.Editor.csproj", "{2ae7c2fd-ff9b-a27e-6a2d-3356c030bdc1}"
EndProject
Project("{FAE04EC0-301F-11D3-BF4B-00C04F79EFBC}") = "Unity.RenderPipelines.Core.Runtime", "Unity.RenderPipelines.Core.Runtime.csproj", "{01c05a6d-b0d5-e791-88de-a1225d706453}"
EndProject
Project("{FAE04EC0-301F-11D3-BF4B-00C04F79EFBC}") = "Unity.Mathematics", "Unity.Mathematics.csproj", "{811a98a1-b84d-baa6-2797-abc63b7e970f}"
EndProject
Project("{FAE04EC0-301F-11D3-BF4B-00C04F79EFBC}") = "Unity.Timeline.Editor", "Unity.Timeline.Editor.csproj", "{03be1ef9-9584-cdd0-5928-7db7a5af00fe}"
EndProject
Project("{FAE04EC0-301F-11D3-BF4B-00C04F79EFBC}") = "Unity.Multiplayer.Center.Editor", "Unity.Multiplayer.Center.Editor.csproj", "{4e9343a8-0e04-6e2a-83b4-e8ce4f6d2eb5}"
EndProject
Project("{FAE04EC0-301F-11D3-BF4B-00C04F79EFBC}") = "Unity.RenderPipelines.Core.Editor", "Unity.RenderPipelines.Core.Editor.csproj", "{e13c6962-6b5c-60a3-c2f4-c78e2ee2038c}"
EndProject
Project("{FAE04EC0-301F-11D3-BF4B-00C04F79EFBC}") = "Unity.Collections", "Unity.Collections.csproj", "{c2817ad0-7eb1-7ee9-e1ee-6d57fa7a2ad6}"
EndProject
Project("{FAE04EC0-301F-11D3-BF4B-00C04F79EFBC}") = "UnityEngine.UI", "UnityEngine.UI.csproj", "{36b0a807-54e7-31e7-1268-964e6a3d8b58}"
EndProject
Project("{FAE04EC0-301F-11D3-BF4B-00C04F79EFBC}") = "Unity.RenderPipelines.Universal.2D.Runtime", "Unity.RenderPipelines.Universal.2D.Runtime.csproj", "{16a57932-99ff-4fd2-61bd-be6498a89732}"
EndProject
Project("{FAE04EC0-301F-11D3-BF4B-00C04F79EFBC}") = "Unity.VisualScripting.Core.Editor", "Unity.VisualScripting.Core.Editor.csproj", "{7d0e9af4-c6b0-a0c4-1a5c-d10459727770}"
EndProject
Project("{FAE04EC0-301F-11D3-BF4B-00C04F79EFBC}") = "Unity.RenderPipelines.Universal.Editor", "Unity.RenderPipelines.Universal.Editor.csproj", "{294ba5bb-1478-da95-39a0-08cc6cef8ba4}"
EndProject
Project("{FAE04EC0-301F-11D3-BF4B-00C04F79EFBC}") = "Unity.PerformanceTesting.Editor", "Unity.PerformanceTesting.Editor.csproj", "{50df853a-7713-5e70-e72a-220c606db08f}"
EndProject
Project("{FAE04EC0-301F-11D3-BF4B-00C04F79EFBC}") = "UnityEngine.TestRunner", "UnityEngine.TestRunner.csproj", "{8047e347-0fac-075c-5407-aabcdb62612d}"
EndProject
Project("{FAE04EC0-301F-11D3-BF4B-00C04F79EFBC}") = "Unity.Burst", "Unity.Burst.csproj", "{3e5e1a3b-5dc2-efcd-fbd8-012855b9e15d}"
EndProject
Project("{FAE04EC0-301F-11D3-BF4B-00C04F79EFBC}") = "Unity.VisualScripting.Flow.Editor", "Unity.VisualScripting.Flow.Editor.csproj", "{11fa7156-7acb-c3f9-e4a0-25a5d4bd85ae}"
EndProject
Project("{FAE04EC0-301F-11D3-BF4B-00C04F79EFBC}") = "Unity.VisualStudio.Editor", "Unity.VisualStudio.Editor.csproj", "{b57bba9d-7c10-0ca4-0ec3-e90981d37055}"
EndProject
Project("{FAE04EC0-301F-11D3-BF4B-00C04F79EFBC}") = "Unity.InputSystem", "Unity.InputSystem.csproj", "{90c324ef-ca74-9be5-4d8f-8774d253faf6}"
EndProject
Project("{FAE04EC0-301F-11D3-BF4B-00C04F79EFBC}") = "Unity.Searcher.Editor", "Unity.Searcher.Editor.csproj", "{2646cc15-87fc-9567-cb45-b4ccfff92f3c}"
EndProject
Project("{FAE04EC0-301F-11D3-BF4B-00C04F79EFBC}") = "UnityEditor.TestRunner", "UnityEditor.TestRunner.csproj", "{bda6399f-b2e8-3390-3737-74a8f1d279b2}"
EndProject
Project("{FAE04EC0-301F-11D3-BF4B-00C04F79EFBC}") = "Unity.VisualScripting.Core", "Unity.VisualScripting.Core.csproj", "{2b67a579-57d0-4298-0d3b-453c7c4d6674}"
EndProject
Project("{FAE04EC0-301F-11D3-BF4B-00C04F79EFBC}") = "Unity.RenderPipelines.Universal.Runtime", "Unity.RenderPipelines.Universal.Runtime.csproj", "{26576205-0e86-b4f4-8f7a-495526b07213}"
EndProject
Project("{FAE04EC0-301F-11D3-BF4B-00C04F79EFBC}") = "Unity.UnifiedRayTracing.Runtime", "Unity.UnifiedRayTracing.Runtime.csproj", "{c0a50460-ebbd-180b-7f88-7b2b56f54d06}"
EndProject
Project("{FAE04EC0-301F-11D3-BF4B-00C04F79EFBC}") = "Unity.AI.Navigation.Editor.ConversionSystem", "Unity.AI.Navigation.Editor.ConversionSystem.csproj", "{8998cc62-e7b7-0681-2117-fc98da981bef}"
EndProject
Project("{FAE04EC0-301F-11D3-BF4B-00C04F79EFBC}") = "Unity.VisualScripting.State.Editor", "Unity.VisualScripting.State.Editor.csproj", "{2dba0deb-176d-e97a-2fd2-e65be863c452}"
EndProject
Project("{FAE04EC0-301F-11D3-BF4B-00C04F79EFBC}") = "Unity.Burst.CodeGen", "Unity.Burst.CodeGen.csproj", "{74d9c284-6d07-17c6-a920-fae5bd3c1d52}"
EndProject
Project("{FAE04EC0-301F-11D3-BF4B-00C04F79EFBC}") = "Unity.VisualScripting.Flow", "Unity.VisualScripting.Flow.csproj", "{a6169d11-8c57-3abd-308c-6750f66df56a}"
EndProject
Project("{FAE04EC0-301F-11D3-BF4B-00C04F79EFBC}") = "HELIX.Widgets", "HELIX.Widgets.csproj", "{e6db31b6-c6a6-5b88-a962-6044d000f5e4}"
EndProject
Project("{FAE04EC0-301F-11D3-BF4B-00C04F79EFBC}") = "Unity.PerformanceTesting", "Unity.PerformanceTesting.csproj", "{14b96429-9672-ac9a-8159-155fc1fb0c5c}"
EndProject
Project("{FAE04EC0-301F-11D3-BF4B-00C04F79EFBC}") = "HELIX.Widgets.Editor", "HELIX.Widgets.Editor.csproj", "{49b0063b-ac31-8c32-cd8f-41bd6568197d}"
EndProject
Project("{FAE04EC0-301F-11D3-BF4B-00C04F79EFBC}") = "Unity.TextMeshPro", "Unity.TextMeshPro.csproj", "{8fe66706-161b-b3ac-07b9-185c9dd7bf54}"
EndProject
Project("{FAE04EC0-301F-11D3-BF4B-00C04F79EFBC}") = "Unity.TextMeshPro.Editor", "Unity.TextMeshPro.Editor.csproj", "{39966e60-685b-10af-5d6c-b96c7118df97}"
EndProject
Project("{FAE04EC0-301F-11D3-BF4B-00C04F79EFBC}") = "Unity.Burst.Editor", "Unity.Burst.Editor.csproj", "{31532b8a-e87e-8fb9-84b8-c09eb40926d4}"
EndProject
Project("{FAE04EC0-301F-11D3-BF4B-00C04F79EFBC}") = "Unity.Rider.Editor", "Unity.Rider.Editor.csproj", "{34c6c0f7-ae16-8f3f-05a5-128efb9d6dbd}"
EndProject
Project("{FAE04EC0-301F-11D3-BF4B-00C04F79EFBC}") = "Unity.VisualScripting.State", "Unity.VisualScripting.State.csproj", "{1f1be8ad-a8fb-dc28-6fee-889d73231f06}"
EndProject
Project("{FAE04EC0-301F-11D3-BF4B-00C04F79EFBC}") = "Unity.AI.Navigation.Updater", "Unity.AI.Navigation.Updater.csproj", "{392234b9-bf7b-ba89-9b59-0a4742df84a2}"
EndProject
Project("{FAE04EC0-301F-11D3-BF4B-00C04F79EFBC}") = "UnityEditor.UI", "UnityEditor.UI.csproj", "{786d9202-2c27-f96b-4378-75c4405f37ae}"
EndProject
Project("{FAE04EC0-301F-11D3-BF4B-00C04F79EFBC}") = "Unity.RenderPipelines.Universal.2D.Editor.Overrides", "Unity.RenderPipelines.Universal.2D.Editor.Overrides.csproj", "{826f5233-e5eb-43e6-da62-811fd91ea236}"
EndProject
Project("{FAE04EC0-301F-11D3-BF4B-00C04F79EFBC}") = "Unity.AI.Navigation.Editor", "Unity.AI.Navigation.Editor.csproj", "{e52f5ff0-eccd-619b-0530-db9fbfb3f961}"
EndProject
Project("{FAE04EC0-301F-11D3-BF4B-00C04F79EFBC}") = "HELIX", "HELIX.csproj", "{d4fbdb85-1b7a-dabd-b652-9516f8295d11}"
EndProject
Project("{FAE04EC0-301F-11D3-BF4B-00C04F79EFBC}") = "Unity.RenderPipelines.Core.Editor.Shared", "Unity.RenderPipelines.Core.Editor.Shared.csproj", "{2ea70e25-452e-a7d7-48ea-e4ac57e00532}"
EndProject
Project("{FAE04EC0-301F-11D3-BF4B-00C04F79EFBC}") = "Unity.Multiplayer.Center.Common", "Unity.Multiplayer.Center.Common.csproj", "{cf3f0663-ec00-b603-180c-1697da26a9d6}"
EndProject
Project("{FAE04EC0-301F-11D3-BF4B-00C04F79EFBC}") = "Unity.RenderPipelines.Core.Runtime.Shared", "Unity.RenderPipelines.Core.Runtime.Shared.csproj", "{28a2f60d-b017-8b61-03bb-abf06b93468c}"
EndProject
Project("{FAE04EC0-301F-11D3-BF4B-00C04F79EFBC}") = "Unity.InputSystem.ForUI", "Unity.InputSystem.ForUI.csproj", "{f232b60e-f812-894c-15f0-69c051783cbd}"
EndProject
Project("{FAE04EC0-301F-11D3-BF4B-00C04F79EFBC}") = "HELIX.Editor", "HELIX.Editor.csproj", "{06cea6ad-636a-61fc-35b4-aa74b99f0183}"
EndProject
Project("{FAE04EC0-301F-11D3-BF4B-00C04F79EFBC}") = "Unity.AI.Navigation", "Unity.AI.Navigation.csproj", "{0dacaead-da95-d91a-947c-73441a1c7638}"
EndProject
Project("{FAE04EC0-301F-11D3-BF4B-00C04F79EFBC}") = "Unity.Collections.CodeGen", "Unity.Collections.CodeGen.csproj", "{7815eacf-2750-0da7-c0a4-d068f48afaf2}"
EndProject
Project("{FAE04EC0-301F-11D3-BF4B-00C04F79EFBC}") = "Unity.Mathematics.Editor", "Unity.Mathematics.Editor.csproj", "{e094f4ac-f2f7-1e6c-629e-90744cdb28e1}"
EndProject
Project("{FAE04EC0-301F-11D3-BF4B-00C04F79EFBC}") = "Unity.VisualScripting.SettingsProvider.Editor", "Unity.VisualScripting.SettingsProvider.Editor.csproj", "{85fdfa70-5ecd-731d-8afc-46d0f2c9f172}"
EndProject
Project("{FAE04EC0-301F-11D3-BF4B-00C04F79EFBC}") = "UnityEditor.UI.Analytics", "UnityEditor.UI.Analytics.csproj", "{6bbf33e4-d5cd-4312-b998-bdf3c61e9c7a}"
EndProject
Project("{FAE04EC0-301F-11D3-BF4B-00C04F79EFBC}") = "Unity.PathTracing.Runtime", "Unity.PathTracing.Runtime.csproj", "{d8e1ae04-9f43-4eca-9967-4e617c5ca3c9}"
EndProject
Project("{FAE04EC0-301F-11D3-BF4B-00C04F79EFBC}") = "Unity.PathTracing.Editor", "Unity.PathTracing.Editor.csproj", "{85ec3b0b-b1b2-4b6f-dcb6-8ae2b5754c6e}"
EndProject
Project("{FAE04EC0-301F-11D3-BF4B-00C04F79EFBC}") = "Unity.InputSystem.TestFramework", "Unity.InputSystem.TestFramework.csproj", "{18ffd2a4-b971-4c8a-be26-31d2c5b8717b}"
EndProject
Project("{FAE04EC0-301F-11D3-BF4B-00C04F79EFBC}") = "Unity.ShaderGraph.Utilities", "Unity.ShaderGraph.Utilities.csproj", "{25fdef5a-5260-469a-feb8-e6e90c3e82db}"
EndProject
Project("{FAE04EC0-301F-11D3-BF4B-00C04F79EFBC}") = "Unity.VisualScripting.Shared.Editor", "Unity.VisualScripting.Shared.Editor.csproj", "{a81a03c2-3749-00e0-5e89-aaeba3823537}"
EndProject
Project("{FAE04EC0-301F-11D3-BF4B-00C04F79EFBC}") = "Unity.SurfaceCache.Runtime", "Unity.SurfaceCache.Runtime.csproj", "{000b7839-d379-5274-ea49-218511956e9e}"
EndProject
Project("{FAE04EC0-301F-11D3-BF4B-00C04F79EFBC}") = "Unity.InternalAPIEngineBridge.RenderPipelines.Core.Runtime.Shared", "Unity.InternalAPIEngineBridge.RenderPipelines.Core.Runtime.Shared.csproj", "{0941856e-ca88-2106-51c5-38cba14a0dbf}"
EndProject
Project("{FAE04EC0-301F-11D3-BF4B-00C04F79EFBC}") = "Unity.CollabProxy.Editor", "Unity.CollabProxy.Editor.csproj", "{672b2c85-c78c-edb0-a826-82116a5ff69a}"
EndProject
Project("{FAE04EC0-301F-11D3-BF4B-00C04F79EFBC}") = "Unity.RenderPipeline.Universal.ShaderLibrary", "Unity.RenderPipeline.Universal.ShaderLibrary.csproj", "{01217f08-a6f7-b34e-6382-febf263b81a0}"
EndProject
Project("{FAE04EC0-301F-11D3-BF4B-00C04F79EFBC}") = "Unity.InternalAPIEngineBridge.004", "Unity.InternalAPIEngineBridge.004.csproj", "{01a1410a-7960-5957-e6b4-45e8c39877e9}"
EndProject
Project("{FAE04EC0-301F-11D3-BF4B-00C04F79EFBC}") = "Unity.InputSystem.DocCodeSamples", "Unity.InputSystem.DocCodeSamples.csproj", "{9d35c6e4-3bd5-21a3-7339-29b7308bac34}"
EndProject
Project("{FAE04EC0-301F-11D3-BF4B-00C04F79EFBC}") = "Unity.RenderPipelines.Universal.Shaders", "Unity.RenderPipelines.Universal.Shaders.csproj", "{473dbdde-da6b-8a15-6def-99ad9438edf8}"
EndProject
Project("{FAE04EC0-301F-11D3-BF4B-00C04F79EFBC}") = "Unity.InternalAPIEditorBridge.ShaderGraph.Editor", "Unity.InternalAPIEditorBridge.ShaderGraph.Editor.csproj", "{049bd6c7-4149-d8c9-47d9-d4d8470488b7}"
EndProject
Project("{FAE04EC0-301F-11D3-BF4B-00C04F79EFBC}") = "Unity.VisualScripting.DocCodeExamples", "Unity.VisualScripting.DocCodeExamples.csproj", "{66e5c2f3-327c-48d3-a3d8-5d4ecf945587}"
EndProject
Project("{FAE04EC0-301F-11D3-BF4B-00C04F79EFBC}") = "Unity.PlasticSCM.Editor.Entities", "Unity.PlasticSCM.Editor.Entities.csproj", "{c3936410-dd94-c868-fc74-a702de216731}"
EndProject
Project("{FAE04EC0-301F-11D3-BF4B-00C04F79EFBC}") = "Assembly-CSharp", "Assembly-CSharp.csproj", "{130f6f9c-66a1-3cc1-c608-acf1ef1fcd2f}"
EndProject
Project("{FAE04EC0-301F-11D3-BF4B-00C04F79EFBC}") = "Unity.Rendering.LightTransport.Editor", "Unity.Rendering.LightTransport.Editor.csproj", "{5c157a06-2bca-91fc-913d-56a9fce600b7}"
EndProject
Project("{FAE04EC0-301F-11D3-BF4B-00C04F79EFBC}") = "Unity.Collections.Editor", "Unity.Collections.Editor.csproj", "{0a9c3fbe-9fcc-0119-e47c-627bac49edf1}"
EndProject
Project("{FAE04EC0-301F-11D3-BF4B-00C04F79EFBC}") = "Unity.RenderPipelines.Universal.Config.Runtime", "Unity.RenderPipelines.Universal.Config.Runtime.csproj", "{5ebafd34-4a41-d706-a76c-6561f5e8fd4a}"
EndProject
Project("{FAE04EC0-301F-11D3-BF4B-00C04F79EFBC}") = "Unity.RenderPipelines.ShaderGraph.ShaderGraphLibrary", "Unity.RenderPipelines.ShaderGraph.ShaderGraphLibrary.csproj", "{1c3a15c4-c20a-bc4d-7cc9-3b99901b06c2}"
EndProject
Project("{FAE04EC0-301F-11D3-BF4B-00C04F79EFBC}") = "Unity.RenderPipelines.Core.ShaderLibrary", "Unity.RenderPipelines.Core.ShaderLibrary.csproj", "{545326cf-615b-7fde-1bea-bc397bbd8f16}"
EndProject
Project("{FAE04EC0-301F-11D3-BF4B-00C04F79EFBC}") = "Assembly-CSharp-Editor", "Assembly-CSharp-Editor.csproj", "{0e88b07c-00e4-4580-1f12-00da59a01989}"
EndProject
Project("{FAE04EC0-301F-11D3-BF4B-00C04F79EFBC}") = "TestNewCustomAssembly", "TestNewCustomAssembly.csproj", "{d8b0bf0c-7ae7-3b61-4247-9a67b43793ce}"
EndProject
Project("{FAE04EC0-301F-11D3-BF4B-00C04F79EFBC}") = "Unity.RenderPipelines.Universal.Editor.Tests", "Unity.RenderPipelines.Universal.Editor.Tests.csproj", "{5c61db9f-69a5-95b6-9689-a2ddd5dd0190}"
EndProject
Project("{FAE04EC0-301F-11D3-BF4B-00C04F79EFBC}") = "Unity.Mathematics.Tests", "Unity.Mathematics.Tests.csproj", "{41580947-a610-b13d-2927-7457aab3b642}"
EndProject
Project("{FAE04EC0-301F-11D3-BF4B-00C04F79EFBC}") = "Unity.RenderPipelines.Core.Editor.Tests", "Unity.RenderPipelines.Core.Editor.Tests.csproj", "{acb7ccca-ccea-3850-4a53-b83e46f4193c}"
EndProject
Project("{FAE04EC0-301F-11D3-BF4B-00C04F79EFBC}") = "Unity.Collections.Tests", "Unity.Collections.Tests.csproj", "{c7071efb-fc3e-6b9c-2dc8-e25e7c6a04a7}"
EndProject
Project("{FAE04EC0-301F-11D3-BF4B-00C04F79EFBC}") = "Unity.RenderPipelines.Universal.Config.Editor.Tests", "Unity.RenderPipelines.Universal.Config.Editor.Tests.csproj", "{b526e468-c03c-a57f-082b-e46acc0b6900}"
EndProject
Project("{FAE04EC0-301F-11D3-BF4B-00C04F79EFBC}") = "Unity.Collections.DocCodeSamples", "Unity.Collections.DocCodeSamples.csproj", "{e4390ac9-72fa-4011-3667-b5cda733534f}"
EndProject
Project("{FAE04EC0-301F-11D3-BF4B-00C04F79EFBC}") = "Assembly-CSharp-firstpass", "Assembly-CSharp-firstpass.csproj", "{948942be-c212-497e-ff6e-a43183cf9de6}"
EndProject
Project("{FAE04EC0-301F-11D3-BF4B-00C04F79EFBC}") = "Unity.Searcher.EditorTests", "Unity.Searcher.EditorTests.csproj", "{17c5be43-e93f-d4bf-c401-68d9d63de541}"
EndProject
Project("{FAE04EC0-301F-11D3-BF4B-00C04F79EFBC}") = "Unity.Collections.PerformanceTests", "Unity.Collections.PerformanceTests.csproj", "{4d97282c-120e-e2e8-74fe-b543b3ea9c13}"
EndProject
Project("{FAE04EC0-301F-11D3-BF4B-00C04F79EFBC}") = "UnityEditor.UI.Common.Tests", "UnityEditor.UI.Common.Tests.csproj", "{2c9e318a-b999-c3d3-7ace-28646def2c85}"
EndProject
Project("{FAE04EC0-301F-11D3-BF4B-00C04F79EFBC}") = "Unity.TextMeshPro.Editor.Tests", "Unity.TextMeshPro.Editor.Tests.csproj", "{87a6af62-4f31-20ac-fb83-c7f91005e3ea}"
EndProject
Project("{FAE04EC0-301F-11D3-BF4B-00C04F79EFBC}") = "DocCodeExamples", "DocCodeExamples.csproj", "{498fda43-0432-de37-aff4-c2a4327db933}"
EndProject
Project("{FAE04EC0-301F-11D3-BF4B-00C04F79EFBC}") = "Unity.Multiplayer.Center.Tests", "Unity.Multiplayer.Center.Tests.csproj", "{1de00fa7-4c5f-a133-977f-f5bcc4476c97}"
EndProject
Project("{FAE04EC0-301F-11D3-BF4B-00C04F79EFBC}") = "Unity.RenderPipelines.Core.Runtime.Tests", "Unity.RenderPipelines.Core.Runtime.Tests.csproj", "{02d32e18-3e02-67df-17ae-1fc550fecc93}"
EndProject
Project("{FAE04EC0-301F-11D3-BF4B-00C04F79EFBC}") = "Unity.Multiplayer.Center.Editor.Tests", "Unity.Multiplayer.Center.Editor.Tests.csproj", "{411534f8-b70a-8dd9-13f5-0c1ec7dadf50}"
EndProject
Project("{FAE04EC0-301F-11D3-BF4B-00C04F79EFBC}") = "Unity.PathTracing.Runtime.Tests", "Unity.PathTracing.Runtime.Tests.csproj", "{ad6b35c7-0609-be71-a6a9-845db036905c}"
EndProject
Project("{FAE04EC0-301F-11D3-BF4B-00C04F79EFBC}") = "UnityEngine.UI.Tests", "UnityEngine.UI.Tests.csproj", "{a162f77e-7fce-8eb5-a275-8e89e1d12ebf}"
EndProject
Project("{FAE04EC0-301F-11D3-BF4B-00C04F79EFBC}") = "Unity.InputSystem.IntegrationTests", "Unity.InputSystem.IntegrationTests.csproj", "{89031048-7e10-7132-f763-3ca74235211e}"
EndProject
Project("{FAE04EC0-301F-11D3-BF4B-00C04F79EFBC}") = "Unity.Collections.Tests.Playmode", "Unity.Collections.Tests.Playmode.csproj", "{c5b5c658-0b41-0247-5101-eb08edfaa309}"
EndProject
Project("{FAE04EC0-301F-11D3-BF4B-00C04F79EFBC}") = "Unity.Nuget.Mono-Cecil", "Unity.Nuget.Mono-Cecil.csproj", "{10b527bb-c09f-f4cf-0daa-8984511fab92}"
EndProject
Project("{FAE04EC0-301F-11D3-BF4B-00C04F79EFBC}") = "Unity.TextMeshPro.Tests", "Unity.TextMeshPro.Tests.csproj", "{c837f1aa-5e2b-b920-3885-e931a041cd05}"
EndProject
Project("{FAE04EC0-301F-11D3-BF4B-00C04F79EFBC}") = "Unity.UnifiedRayTracing.Editor.Tests", "Unity.UnifiedRayTracing.Editor.Tests.csproj", "{31ef1303-5b45-6888-3360-00dcc0d48786}"
EndProject
Project("{FAE04EC0-301F-11D3-BF4B-00C04F79EFBC}") = "UnityEditor.UI.EditorTests", "UnityEditor.UI.EditorTests.csproj", "{2dff306b-72d3-87be-ae86-6655fe068d61}"
EndProject
Project("{FAE04EC0-301F-11D3-BF4B-00C04F79EFBC}") = "Unity.RenderPipelines.Universal.Runtime.Tests", "Unity.RenderPipelines.Universal.Runtime.Tests.csproj", "{82604cc6-7a9a-619d-c579-347e801be77d}"
EndProject
Project("{FAE04EC0-301F-11D3-BF4B-00C04F79EFBC}") = "Unity.PathTracing.Editor.Tests", "Unity.PathTracing.Editor.Tests.csproj", "{f42b62cc-cc0e-4206-7eb0-e7a8d09a3b97}"
EndProject
Project("{FAE04EC0-301F-11D3-BF4B-00C04F79EFBC}") = "Unity.Collections.BurstCompatibilityGen", "Unity.Collections.BurstCompatibilityGen.csproj", "{b3c69c8a-6904-b92c-adfa-8bcda2387198}"
EndProject
Project("{FAE04EC0-301F-11D3-BF4B-00C04F79EFBC}") = "Unity.ShaderGraph.Editor.Tests", "Unity.ShaderGraph.Editor.Tests.csproj", "{e1fc779b-aa2e-6ea8-ff91-016680418865}"
EndProject
Global
	GlobalSection(SolutionConfigurationPlatforms) = preSolution
		Debug|Any CPU = Debug|Any CPU
	EndGlobalSection
	GlobalSection(ProjectConfigurationPlatforms) = postSolution
		{f847bd9c-27b7-e901-0271-66b931008990}.Debug|Any CPU.ActiveCfg = Debug|Any CPU
		{f847bd9c-27b7-e901-0271-66b931008990}.Debug|Any CPU.Build.0 = Debug|Any CPU
		{8c184b69-fea7-c0e1-bfc5-ce3663a4503a}.Debug|Any CPU.ActiveCfg = Debug|Any CPU
		{8c184b69-fea7-c0e1-bfc5-ce3663a4503a}.Debug|Any CPU.Build.0 = Debug|Any CPU
		{12f08900-922c-f5e6-b428-31f48c980c0f}.Debug|Any CPU.ActiveCfg = Debug|Any CPU
		{12f08900-922c-f5e6-b428-31f48c980c0f}.Debug|Any CPU.Build.0 = Debug|Any CPU
		{2ae7c2fd-ff9b-a27e-6a2d-3356c030bdc1}.Debug|Any CPU.ActiveCfg = Debug|Any CPU
		{2ae7c2fd-ff9b-a27e-6a2d-3356c030bdc1}.Debug|Any CPU.Build.0 = Debug|Any CPU
		{01c05a6d-b0d5-e791-88de-a1225d706453}.Debug|Any CPU.ActiveCfg = Debug|Any CPU
		{01c05a6d-b0d5-e791-88de-a1225d706453}.Debug|Any CPU.Build.0 = Debug|Any CPU
		{811a98a1-b84d-baa6-2797-abc63b7e970f}.Debug|Any CPU.ActiveCfg = Debug|Any CPU
		{811a98a1-b84d-baa6-2797-abc63b7e970f}.Debug|Any CPU.Build.0 = Debug|Any CPU
		{03be1ef9-9584-cdd0-5928-7db7a5af00fe}.Debug|Any CPU.ActiveCfg = Debug|Any CPU
		{03be1ef9-9584-cdd0-5928-7db7a5af00fe}.Debug|Any CPU.Build.0 = Debug|Any CPU
		{4e9343a8-0e04-6e2a-83b4-e8ce4f6d2eb5}.Debug|Any CPU.ActiveCfg = Debug|Any CPU
		{4e9343a8-0e04-6e2a-83b4-e8ce4f6d2eb5}.Debug|Any CPU.Build.0 = Debug|Any CPU
		{e13c6962-6b5c-60a3-c2f4-c78e2ee2038c}.Debug|Any CPU.ActiveCfg = Debug|Any CPU
		{e13c6962-6b5c-60a3-c2f4-c78e2ee2038c}.Debug|Any CPU.Build.0 = Debug|Any CPU
		{c2817ad0-7eb1-7ee9-e1ee-6d57fa7a2ad6}.Debug|Any CPU.ActiveCfg = Debug|Any CPU
		{c2817ad0-7eb1-7ee9-e1ee-6d57fa7a2ad6}.Debug|Any CPU.Build.0 = Debug|Any CPU
		{36b0a807-54e7-31e7-1268-964e6a3d8b58}.Debug|Any CPU.ActiveCfg = Debug|Any CPU
		{36b0a807-54e7-31e7-1268-964e6a3d8b58}.Debug|Any CPU.Build.0 = Debug|Any CPU
		{16a57932-99ff-4fd2-61bd-be6498a89732}.Debug|Any CPU.ActiveCfg = Debug|Any CPU
		{16a57932-99ff-4fd2-61bd-be6498a89732}.Debug|Any CPU.Build.0 = Debug|Any CPU
		{7d0e9af4-c6b0-a0c4-1a5c-d10459727770}.Debug|Any CPU.ActiveCfg = Debug|Any CPU
		{7d0e9af4-c6b0-a0c4-1a5c-d10459727770}.Debug|Any CPU.Build.0 = Debug|Any CPU
		{294ba5bb-1478-da95-39a0-08cc6cef8ba4}.Debug|Any CPU.ActiveCfg = Debug|Any CPU
		{294ba5bb-1478-da95-39a0-08cc6cef8ba4}.Debug|Any CPU.Build.0 = Debug|Any CPU
		{50df853a-7713-5e70-e72a-220c606db08f}.Debug|Any CPU.ActiveCfg = Debug|Any CPU
		{50df853a-7713-5e70-e72a-220c606db08f}.Debug|Any CPU.Build.0 = Debug|Any CPU
		{8047e347-0fac-075c-5407-aabcdb62612d}.Debug|Any CPU.ActiveCfg = Debug|Any CPU
		{8047e347-0fac-075c-5407-aabcdb62612d}.Debug|Any CPU.Build.0 = Debug|Any CPU
		{3e5e1a3b-5dc2-efcd-fbd8-012855b9e15d}.Debug|Any CPU.ActiveCfg = Debug|Any CPU
		{3e5e1a3b-5dc2-efcd-fbd8-012855b9e15d}.Debug|Any CPU.Build.0 = Debug|Any CPU
		{11fa7156-7acb-c3f9-e4a0-25a5d4bd85ae}.Debug|Any CPU.ActiveCfg = Debug|Any CPU
		{11fa7156-7acb-c3f9-e4a0-25a5d4bd85ae}.Debug|Any CPU.Build.0 = Debug|Any CPU
		{b57bba9d-7c10-0ca4-0ec3-e90981d37055}.Debug|Any CPU.ActiveCfg = Debug|Any CPU
		{b57bba9d-7c10-0ca4-0ec3-e90981d37055}.Debug|Any CPU.Build.0 = Debug|Any CPU
		{90c324ef-ca74-9be5-4d8f-8774d253faf6}.Debug|Any CPU.ActiveCfg = Debug|Any CPU
		{90c324ef-ca74-9be5-4d8f-8774d253faf6}.Debug|Any CPU.Build.0 = Debug|Any CPU
		{2646cc15-87fc-9567-cb45-b4ccfff92f3c}.Debug|Any CPU.ActiveCfg = Debug|Any CPU
		{2646cc15-87fc-9567-cb45-b4ccfff92f3c}.Debug|Any CPU.Build.0 = Debug|Any CPU
		{bda6399f-b2e8-3390-3737-74a8f1d279b2}.Debug|Any CPU.ActiveCfg = Debug|Any CPU
		{bda6399f-b2e8-3390-3737-74a8f1d279b2}.Debug|Any CPU.Build.0 = Debug|Any CPU
		{2b67a579-57d0-4298-0d3b-453c7c4d6674}.Debug|Any CPU.ActiveCfg = Debug|Any CPU
		{2b67a579-57d0-4298-0d3b-453c7c4d6674}.Debug|Any CPU.Build.0 = Debug|Any CPU
		{26576205-0e86-b4f4-8f7a-495526b07213}.Debug|Any CPU.ActiveCfg = Debug|Any CPU
		{26576205-0e86-b4f4-8f7a-495526b07213}.Debug|Any CPU.Build.0 = Debug|Any CPU
		{c0a50460-ebbd-180b-7f88-7b2b56f54d06}.Debug|Any CPU.ActiveCfg = Debug|Any CPU
		{c0a50460-ebbd-180b-7f88-7b2b56f54d06}.Debug|Any CPU.Build.0 = Debug|Any CPU
		{8998cc62-e7b7-0681-2117-fc98da981bef}.Debug|Any CPU.ActiveCfg = Debug|Any CPU
		{8998cc62-e7b7-0681-2117-fc98da981bef}.Debug|Any CPU.Build.0 = Debug|Any CPU
		{2dba0deb-176d-e97a-2fd2-e65be863c452}.Debug|Any CPU.ActiveCfg = Debug|Any CPU
		{2dba0deb-176d-e97a-2fd2-e65be863c452}.Debug|Any CPU.Build.0 = Debug|Any CPU
		{74d9c284-6d07-17c6-a920-fae5bd3c1d52}.Debug|Any CPU.ActiveCfg = Debug|Any CPU
		{74d9c284-6d07-17c6-a920-fae5bd3c1d52}.Debug|Any CPU.Build.0 = Debug|Any CPU
		{a6169d11-8c57-3abd-308c-6750f66df56a}.Debug|Any CPU.ActiveCfg = Debug|Any CPU
		{a6169d11-8c57-3abd-308c-6750f66df56a}.Debug|Any CPU.Build.0 = Debug|Any CPU
		{e6db31b6-c6a6-5b88-a962-6044d000f5e4}.Debug|Any CPU.ActiveCfg = Debug|Any CPU
		{e6db31b6-c6a6-5b88-a962-6044d000f5e4}.Debug|Any CPU.Build.0 = Debug|Any CPU
		{14b96429-9672-ac9a-8159-155fc1fb0c5c}.Debug|Any CPU.ActiveCfg = Debug|Any CPU
		{14b96429-9672-ac9a-8159-155fc1fb0c5c}.Debug|Any CPU.Build.0 = Debug|Any CPU
		{49b0063b-ac31-8c32-cd8f-41bd6568197d}.Debug|Any CPU.ActiveCfg = Debug|Any CPU
		{49b0063b-ac31-8c32-cd8f-41bd6568197d}.Debug|Any CPU.Build.0 = Debug|Any CPU
		{8fe66706-161b-b3ac-07b9-185c9dd7bf54}.Debug|Any CPU.ActiveCfg = Debug|Any CPU
		{8fe66706-161b-b3ac-07b9-185c9dd7bf54}.Debug|Any CPU.Build.0 = Debug|Any CPU
		{39966e60-685b-10af-5d6c-b96c7118df97}.Debug|Any CPU.ActiveCfg = Debug|Any CPU
		{39966e60-685b-10af-5d6c-b96c7118df97}.Debug|Any CPU.Build.0 = Debug|Any CPU
		{31532b8a-e87e-8fb9-84b8-c09eb40926d4}.Debug|Any CPU.ActiveCfg = Debug|Any CPU
		{31532b8a-e87e-8fb9-84b8-c09eb40926d4}.Debug|Any CPU.Build.0 = Debug|Any CPU
		{34c6c0f7-ae16-8f3f-05a5-128efb9d6dbd}.Debug|Any CPU.ActiveCfg = Debug|Any CPU
		{34c6c0f7-ae16-8f3f-05a5-128efb9d6dbd}.Debug|Any CPU.Build.0 = Debug|Any CPU
		{1f1be8ad-a8fb-dc28-6fee-889d73231f06}.Debug|Any CPU.ActiveCfg = Debug|Any CPU
		{1f1be8ad-a8fb-dc28-6fee-889d73231f06}.Debug|Any CPU.Build.0 = Debug|Any CPU
		{392234b9-bf7b-ba89-9b59-0a4742df84a2}.Debug|Any CPU.ActiveCfg = Debug|Any CPU
		{392234b9-bf7b-ba89-9b59-0a4742df84a2}.Debug|Any CPU.Build.0 = Debug|Any CPU
		{786d9202-2c27-f96b-4378-75c4405f37ae}.Debug|Any CPU.ActiveCfg = Debug|Any CPU
		{786d9202-2c27-f96b-4378-75c4405f37ae}.Debug|Any CPU.Build.0 = Debug|Any CPU
		{826f5233-e5eb-43e6-da62-811fd91ea236}.Debug|Any CPU.ActiveCfg = Debug|Any CPU
		{826f5233-e5eb-43e6-da62-811fd91ea236}.Debug|Any CPU.Build.0 = Debug|Any CPU
		{e52f5ff0-eccd-619b-0530-db9fbfb3f961}.Debug|Any CPU.ActiveCfg = Debug|Any CPU
		{e52f5ff0-eccd-619b-0530-db9fbfb3f961}.Debug|Any CPU.Build.0 = Debug|Any CPU
		{d4fbdb85-1b7a-dabd-b652-9516f8295d11}.Debug|Any CPU.ActiveCfg = Debug|Any CPU
		{d4fbdb85-1b7a-dabd-b652-9516f8295d11}.Debug|Any CPU.Build.0 = Debug|Any CPU
		{2ea70e25-452e-a7d7-48ea-e4ac57e00532}.Debug|Any CPU.ActiveCfg = Debug|Any CPU
		{2ea70e25-452e-a7d7-48ea-e4ac57e00532}.Debug|Any CPU.Build.0 = Debug|Any CPU
		{cf3f0663-ec00-b603-180c-1697da26a9d6}.Debug|Any CPU.ActiveCfg = Debug|Any CPU
		{cf3f0663-ec00-b603-180c-1697da26a9d6}.Debug|Any CPU.Build.0 = Debug|Any CPU
		{28a2f60d-b017-8b61-03bb-abf06b93468c}.Debug|Any CPU.ActiveCfg = Debug|Any CPU
		{28a2f60d-b017-8b61-03bb-abf06b93468c}.Debug|Any CPU.Build.0 = Debug|Any CPU
		{f232b60e-f812-894c-15f0-69c051783cbd}.Debug|Any CPU.ActiveCfg = Debug|Any CPU
		{f232b60e-f812-894c-15f0-69c051783cbd}.Debug|Any CPU.Build.0 = Debug|Any CPU
		{06cea6ad-636a-61fc-35b4-aa74b99f0183}.Debug|Any CPU.ActiveCfg = Debug|Any CPU
		{06cea6ad-636a-61fc-35b4-aa74b99f0183}.Debug|Any CPU.Build.0 = Debug|Any CPU
		{0dacaead-da95-d91a-947c-73441a1c7638}.Debug|Any CPU.ActiveCfg = Debug|Any CPU
		{0dacaead-da95-d91a-947c-73441a1c7638}.Debug|Any CPU.Build.0 = Debug|Any CPU
		{7815eacf-2750-0da7-c0a4-d068f48afaf2}.Debug|Any CPU.ActiveCfg = Debug|Any CPU
		{7815eacf-2750-0da7-c0a4-d068f48afaf2}.Debug|Any CPU.Build.0 = Debug|Any CPU
		{e094f4ac-f2f7-1e6c-629e-90744cdb28e1}.Debug|Any CPU.ActiveCfg = Debug|Any CPU
		{e094f4ac-f2f7-1e6c-629e-90744cdb28e1}.Debug|Any CPU.Build.0 = Debug|Any CPU
		{85fdfa70-5ecd-731d-8afc-46d0f2c9f172}.Debug|Any CPU.ActiveCfg = Debug|Any CPU
		{85fdfa70-5ecd-731d-8afc-46d0f2c9f172}.Debug|Any CPU.Build.0 = Debug|Any CPU
		{6bbf33e4-d5cd-4312-b998-bdf3c61e9c7a}.Debug|Any CPU.ActiveCfg = Debug|Any CPU
		{6bbf33e4-d5cd-4312-b998-bdf3c61e9c7a}.Debug|Any CPU.Build.0 = Debug|Any CPU
		{d8e1ae04-9f43-4eca-9967-4e617c5ca3c9}.Debug|Any CPU.ActiveCfg = Debug|Any CPU
		{d8e1ae04-9f43-4eca-9967-4e617c5ca3c9}.Debug|Any CPU.Build.0 = Debug|Any CPU
		{85ec3b0b-b1b2-4b6f-dcb6-8ae2b5754c6e}.Debug|Any CPU.ActiveCfg = Debug|Any CPU
		{85ec3b0b-b1b2-4b6f-dcb6-8ae2b5754c6e}.Debug|Any CPU.Build.0 = Debug|Any CPU
		{18ffd2a4-b971-4c8a-be26-31d2c5b8717b}.Debug|Any CPU.ActiveCfg = Debug|Any CPU
		{18ffd2a4-b971-4c8a-be26-31d2c5b8717b}.Debug|Any CPU.Build.0 = Debug|Any CPU
		{25fdef5a-5260-469a-feb8-e6e90c3e82db}.Debug|Any CPU.ActiveCfg = Debug|Any CPU
		{25fdef5a-5260-469a-feb8-e6e90c3e82db}.Debug|Any CPU.Build.0 = Debug|Any CPU
		{a81a03c2-3749-00e0-5e89-aaeba3823537}.Debug|Any CPU.ActiveCfg = Debug|Any CPU
		{a81a03c2-3749-00e0-5e89-aaeba3823537}.Debug|Any CPU.Build.0 = Debug|Any CPU
		{000b7839-d379-5274-ea49-218511956e9e}.Debug|Any CPU.ActiveCfg = Debug|Any CPU
		{000b7839-d379-5274-ea49-218511956e9e}.Debug|Any CPU.Build.0 = Debug|Any CPU
		{0941856e-ca88-2106-51c5-38cba14a0dbf}.Debug|Any CPU.ActiveCfg = Debug|Any CPU
		{0941856e-ca88-2106-51c5-38cba14a0dbf}.Debug|Any CPU.Build.0 = Debug|Any CPU
		{672b2c85-c78c-edb0-a826-82116a5ff69a}.Debug|Any CPU.ActiveCfg = Debug|Any CPU
		{672b2c85-c78c-edb0-a826-82116a5ff69a}.Debug|Any CPU.Build.0 = Debug|Any CPU
		{01217f08-a6f7-b34e-6382-febf263b81a0}.Debug|Any CPU.ActiveCfg = Debug|Any CPU
		{01217f08-a6f7-b34e-6382-febf263b81a0}.Debug|Any CPU.Build.0 = Debug|Any CPU
		{01a1410a-7960-5957-e6b4-45e8c39877e9}.Debug|Any CPU.ActiveCfg = Debug|Any CPU
		{01a1410a-7960-5957-e6b4-45e8c39877e9}.Debug|Any CPU.Build.0 = Debug|Any CPU
		{9d35c6e4-3bd5-21a3-7339-29b7308bac34}.Debug|Any CPU.ActiveCfg = Debug|Any CPU
		{9d35c6e4-3bd5-21a3-7339-29b7308bac34}.Debug|Any CPU.Build.0 = Debug|Any CPU
		{473dbdde-da6b-8a15-6def-99ad9438edf8}.Debug|Any CPU.ActiveCfg = Debug|Any CPU
		{473dbdde-da6b-8a15-6def-99ad9438edf8}.Debug|Any CPU.Build.0 = Debug|Any CPU
		{049bd6c7-4149-d8c9-47d9-d4d8470488b7}.Debug|Any CPU.ActiveCfg = Debug|Any CPU
		{049bd6c7-4149-d8c9-47d9-d4d8470488b7}.Debug|Any CPU.Build.0 = Debug|Any CPU
		{66e5c2f3-327c-48d3-a3d8-5d4ecf945587}.Debug|Any CPU.ActiveCfg = Debug|Any CPU
		{66e5c2f3-327c-48d3-a3d8-5d4ecf945587}.Debug|Any CPU.Build.0 = Debug|Any CPU
		{c3936410-dd94-c868-fc74-a702de216731}.Debug|Any CPU.ActiveCfg = Debug|Any CPU
		{c3936410-dd94-c868-fc74-a702de216731}.Debug|Any CPU.Build.0 = Debug|Any CPU
		{130f6f9c-66a1-3cc1-c608-acf1ef1fcd2f}.Debug|Any CPU.ActiveCfg = Debug|Any CPU
		{130f6f9c-66a1-3cc1-c608-acf1ef1fcd2f}.Debug|Any CPU.Build.0 = Debug|Any CPU
		{5c157a06-2bca-91fc-913d-56a9fce600b7}.Debug|Any CPU.ActiveCfg = Debug|Any CPU
		{5c157a06-2bca-91fc-913d-56a9fce600b7}.Debug|Any CPU.Build.0 = Debug|Any CPU
		{0a9c3fbe-9fcc-0119-e47c-627bac49edf1}.Debug|Any CPU.ActiveCfg = Debug|Any CPU
		{0a9c3fbe-9fcc-0119-e47c-627bac49edf1}.Debug|Any CPU.Build.0 = Debug|Any CPU
		{5ebafd34-4a41-d706-a76c-6561f5e8fd4a}.Debug|Any CPU.ActiveCfg = Debug|Any CPU
		{5ebafd34-4a41-d706-a76c-6561f5e8fd4a}.Debug|Any CPU.Build.0 = Debug|Any CPU
		{1c3a15c4-c20a-bc4d-7cc9-3b99901b06c2}.Debug|Any CPU.ActiveCfg = Debug|Any CPU
		{1c3a15c4-c20a-bc4d-7cc9-3b99901b06c2}.Debug|Any CPU.Build.0 = Debug|Any CPU
		{545326cf-615b-7fde-1bea-bc397bbd8f16}.Debug|Any CPU.ActiveCfg = Debug|Any CPU
		{545326cf-615b-7fde-1bea-bc397bbd8f16}.Debug|Any CPU.Build.0 = Debug|Any CPU
		{0e88b07c-00e4-4580-1f12-00da59a01989}.Debug|Any CPU.ActiveCfg = Debug|Any CPU
		{0e88b07c-00e4-4580-1f12-00da59a01989}.Debug|Any CPU.Build.0 = Debug|Any CPU
		{d8b0bf0c-7ae7-3b61-4247-9a67b43793ce}.Debug|Any CPU.ActiveCfg = Debug|Any CPU
		{d8b0bf0c-7ae7-3b61-4247-9a67b43793ce}.Debug|Any CPU.Build.0 = Debug|Any CPU
		{5c61db9f-69a5-95b6-9689-a2ddd5dd0190}.Debug|Any CPU.ActiveCfg = Debug|Any CPU
		{5c61db9f-69a5-95b6-9689-a2ddd5dd0190}.Debug|Any CPU.Build.0 = Debug|Any CPU
		{41580947-a610-b13d-2927-7457aab3b642}.Debug|Any CPU.ActiveCfg = Debug|Any CPU
		{41580947-a610-b13d-2927-7457aab3b642}.Debug|Any CPU.Build.0 = Debug|Any CPU
		{acb7ccca-ccea-3850-4a53-b83e46f4193c}.Debug|Any CPU.ActiveCfg = Debug|Any CPU
		{acb7ccca-ccea-3850-4a53-b83e46f4193c}.Debug|Any CPU.Build.0 = Debug|Any CPU
		{c7071efb-fc3e-6b9c-2dc8-e25e7c6a04a7}.Debug|Any CPU.ActiveCfg = Debug|Any CPU
		{c7071efb-fc3e-6b9c-2dc8-e25e7c6a04a7}.Debug|Any CPU.Build.0 = Debug|Any CPU
		{b526e468-c03c-a57f-082b-e46acc0b6900}.Debug|Any CPU.ActiveCfg = Debug|Any CPU
		{b526e468-c03c-a57f-082b-e46acc0b6900}.Debug|Any CPU.Build.0 = Debug|Any CPU
		{e4390ac9-72fa-4011-3667-b5cda733534f}.Debug|Any CPU.ActiveCfg = Debug|Any CPU
		{e4390ac9-72fa-4011-3667-b5cda733534f}.Debug|Any CPU.Build.0 = Debug|Any CPU
		{948942be-c212-497e-ff6e-a43183cf9de6}.Debug|Any CPU.ActiveCfg = Debug|Any CPU
		{948942be-c212-497e-ff6e-a43183cf9de6}.Debug|Any CPU.Build.0 = Debug|Any CPU
		{17c5be43-e93f-d4bf-c401-68d9d63de541}.Debug|Any CPU.ActiveCfg = Debug|Any CPU
		{17c5be43-e93f-d4bf-c401-68d9d63de541}.Debug|Any CPU.Build.0 = Debug|Any CPU
		{4d97282c-120e-e2e8-74fe-b543b3ea9c13}.Debug|Any CPU.ActiveCfg = Debug|Any CPU
		{4d97282c-120e-e2e8-74fe-b543b3ea9c13}.Debug|Any CPU.Build.0 = Debug|Any CPU
		{2c9e318a-b999-c3d3-7ace-28646def2c85}.Debug|Any CPU.ActiveCfg = Debug|Any CPU
		{2c9e318a-b999-c3d3-7ace-28646def2c85}.Debug|Any CPU.Build.0 = Debug|Any CPU
		{87a6af62-4f31-20ac-fb83-c7f91005e3ea}.Debug|Any CPU.ActiveCfg = Debug|Any CPU
		{87a6af62-4f31-20ac-fb83-c7f91005e3ea}.Debug|Any CPU.Build.0 = Debug|Any CPU
		{498fda43-0432-de37-aff4-c2a4327db933}.Debug|Any CPU.ActiveCfg = Debug|Any CPU
		{498fda43-0432-de37-aff4-c2a4327db933}.Debug|Any CPU.Build.0 = Debug|Any CPU
		{1de00fa7-4c5f-a133-977f-f5bcc4476c97}.Debug|Any CPU.ActiveCfg = Debug|Any CPU
		{1de00fa7-4c5f-a133-977f-f5bcc4476c97}.Debug|Any CPU.Build.0 = Debug|Any CPU
		{02d32e18-3e02-67df-17ae-1fc550fecc93}.Debug|Any CPU.ActiveCfg = Debug|Any CPU
		{02d32e18-3e02-67df-17ae-1fc550fecc93}.Debug|Any CPU.Build.0 = Debug|Any CPU
		{411534f8-b70a-8dd9-13f5-0c1ec7dadf50}.Debug|Any CPU.ActiveCfg = Debug|Any CPU
		{411534f8-b70a-8dd9-13f5-0c1ec7dadf50}.Debug|Any CPU.Build.0 = Debug|Any CPU
		{ad6b35c7-0609-be71-a6a9-845db036905c}.Debug|Any CPU.ActiveCfg = Debug|Any CPU
		{ad6b35c7-0609-be71-a6a9-845db036905c}.Debug|Any CPU.Build.0 = Debug|Any CPU
		{a162f77e-7fce-8eb5-a275-8e89e1d12ebf}.Debug|Any CPU.ActiveCfg = Debug|Any CPU
		{a162f77e-7fce-8eb5-a275-8e89e1d12ebf}.Debug|Any CPU.Build.0 = Debug|Any CPU
		{89031048-7e10-7132-f763-3ca74235211e}.Debug|Any CPU.ActiveCfg = Debug|Any CPU
		{89031048-7e10-7132-f763-3ca74235211e}.Debug|Any CPU.Build.0 = Debug|Any CPU
		{c5b5c658-0b41-0247-5101-eb08edfaa309}.Debug|Any CPU.ActiveCfg = Debug|Any CPU
		{c5b5c658-0b41-0247-5101-eb08edfaa309}.Debug|Any CPU.Build.0 = Debug|Any CPU
		{10b527bb-c09f-f4cf-0daa-8984511fab92}.Debug|Any CPU.ActiveCfg = Debug|Any CPU
		{10b527bb-c09f-f4cf-0daa-8984511fab92}.Debug|Any CPU.Build.0 = Debug|Any CPU
		{c837f1aa-5e2b-b920-3885-e931a041cd05}.Debug|Any CPU.ActiveCfg = Debug|Any CPU
		{c837f1aa-5e2b-b920-3885-e931a041cd05}.Debug|Any CPU.Build.0 = Debug|Any CPU
		{31ef1303-5b45-6888-3360-00dcc0d48786}.Debug|Any CPU.ActiveCfg = Debug|Any CPU
		{31ef1303-5b45-6888-3360-00dcc0d48786}.Debug|Any CPU.Build.0 = Debug|Any CPU
		{2dff306b-72d3-87be-ae86-6655fe068d61}.Debug|Any CPU.ActiveCfg = Debug|Any CPU
		{2dff306b-72d3-87be-ae86-6655fe068d61}.Debug|Any CPU.Build.0 = Debug|Any CPU
		{82604cc6-7a9a-619d-c579-347e801be77d}.Debug|Any CPU.ActiveCfg = Debug|Any CPU
		{82604cc6-7a9a-619d-c579-347e801be77d}.Debug|Any CPU.Build.0 = Debug|Any CPU
		{f42b62cc-cc0e-4206-7eb0-e7a8d09a3b97}.Debug|Any CPU.ActiveCfg = Debug|Any CPU
		{f42b62cc-cc0e-4206-7eb0-e7a8d09a3b97}.Debug|Any CPU.Build.0 = Debug|Any CPU
		{b3c69c8a-6904-b92c-adfa-8bcda2387198}.Debug|Any CPU.ActiveCfg = Debug|Any CPU
		{b3c69c8a-6904-b92c-adfa-8bcda2387198}.Debug|Any CPU.Build.0 = Debug|Any CPU
		{e1fc779b-aa2e-6ea8-ff91-016680418865}.Debug|Any CPU.ActiveCfg = Debug|Any CPU
		{e1fc779b-aa2e-6ea8-ff91-016680418865}.Debug|Any CPU.Build.0 = Debug|Any CPU
	EndGlobalSection
	GlobalSection(SolutionProperties) = preSolution
		HideSolutionNode = FALSE
	EndGlobalSection
EndGlobal
