Microsoft Visual Studio Solution File, Format Version 12.00
Project("{FAE04EC0-301F-11D3-BF4B-00C04F79EFBC}") = "HelixRider", "src\RiderPlugin\src\dotnet\HelixRider\HelixRider.csproj", "{05608FE6-4FD1-4E9D-9BE2-B13A0E370BA2}"
EndProject
Project("{FAE04EC0-301F-11D3-BF4B-00C04F79EFBC}") = "HelixRider.Rider", "src\RiderPlugin\src\dotnet\HelixRider\HelixRider.Rider.csproj", "{084172D1-A9C6-46D0-96AD-05C5B09A5E5D}"
EndProject
Project("{FAE04EC0-301F-11D3-BF4B-00C04F79EFBC}") = "HelixRider.Tests", "src\RiderPlugin\src\dotnet\HelixRider.Tests\HelixRider.Tests.csproj", "{01C3DEF5-50B2-47CB-9467-19BC6DDF9D3D}"
EndProject
Project("{2150E333-8FDC-42A3-9474-1A3956D46DE8}") = "misc", "misc", "{4A9ABB95-3762-448B-B5BF-099E46DB22DE}"
ProjectSection(SolutionItems) = preProject
	src\dotnet\Plugin.props = src\RiderPlugin\src\dotnet\Plugin.props
	README.md = src\RiderPlugin\README.md
	CHANGELOG.md = src\RiderPlugin\CHANGELOG.md
	src\rider\main\resources\META-INF\plugin.xml = src\RiderPlugin\src\rider\main\resources\META-INF\plugin.xml
	build.gradle.kts = src\RiderPlugin\build.gradle.kts
	gradle.properties = src\RiderPlugin\gradle.properties
EndProjectSection
EndProject
Project("{FAE04EC0-301F-11D3-BF4B-00C04F79EFBC}") = "HelixSourceGenerator", "src\HelixSourceGenerator\HelixSourceGenerator\HelixSourceGenerator\HelixSourceGenerator.csproj", "{2C06BADC-32EE-4DB0-88A2-CE314BC4891A}"
EndProject
Project("{FAE04EC0-301F-11D3-BF4B-00C04F79EFBC}") = "HelixSourceGenerator.Tests", "src\HelixSourceGenerator\HelixSourceGenerator\HelixSourceGenerator.Tests\HelixSourceGenerator.Tests.csproj", "{C8CC31ED-80E4-4D63-9694-A7B548481418}"
EndProject
Project("{FAE04EC0-301F-11D3-BF4B-00C04F79EFBC}") = "Unity.Timeline", "src\HELIX\Unity.Timeline.csproj", "{f847bd9c-27b7-e901-0271-66b931008990}"
EndProject
Project("{FAE04EC0-301F-11D3-BF4B-00C04F79EFBC}") = "Unity.RenderPipelines.GPUDriven.Runtime", "src\HELIX\Unity.RenderPipelines.GPUDriven.Runtime.csproj", "{8c184b69-fea7-c0e1-bfc5-ce3663a4503a}"
EndProject
Project("{FAE04EC0-301F-11D3-BF4B-00C04F79EFBC}") = "Unity.PlasticSCM.Editor", "src\HELIX\Unity.PlasticSCM.Editor.csproj", "{12f08900-922c-f5e6-b428-31f48c980c0f}"
EndProject
Project("{FAE04EC0-301F-11D3-BF4B-00C04F79EFBC}") = "Unity.AppUI", "src\HELIX\Unity.AppUI.csproj", "{608ec2a6-8c95-39fc-5bbc-b0eee729974d}"
EndProject
Project("{FAE04EC0-301F-11D3-BF4B-00C04F79EFBC}") = "Unity.ShaderGraph.Editor", "src\HELIX\Unity.ShaderGraph.Editor.csproj", "{2ae7c2fd-ff9b-a27e-6a2d-3356c030bdc1}"
EndProject
Project("{FAE04EC0-301F-11D3-BF4B-00C04F79EFBC}") = "Unity.RenderPipelines.Core.Runtime", "src\HELIX\Unity.RenderPipelines.Core.Runtime.csproj", "{01c05a6d-b0d5-e791-88de-a1225d706453}"
EndProject
Project("{FAE04EC0-301F-11D3-BF4B-00C04F79EFBC}") = "Unity.ScriptableBuildPipeline.Editor", "src\HELIX\Unity.ScriptableBuildPipeline.Editor.csproj", "{00cacc7c-998e-46f2-8195-8e799b293929}"
EndProject
Project("{FAE04EC0-301F-11D3-BF4B-00C04F79EFBC}") = "Unity.Timeline.Editor", "src\HELIX\Unity.Timeline.Editor.csproj", "{03be1ef9-9584-cdd0-5928-7db7a5af00fe}"
EndProject
Project("{FAE04EC0-301F-11D3-BF4B-00C04F79EFBC}") = "Unity.RenderPipelines.Core.Editor", "src\HELIX\Unity.RenderPipelines.Core.Editor.csproj", "{e13c6962-6b5c-60a3-c2f4-c78e2ee2038c}"
EndProject
Project("{FAE04EC0-301F-11D3-BF4B-00C04F79EFBC}") = "Unity.Collections", "src\HELIX\Unity.Collections.csproj", "{c2817ad0-7eb1-7ee9-e1ee-6d57fa7a2ad6}"
EndProject
Project("{FAE04EC0-301F-11D3-BF4B-00C04F79EFBC}") = "Unity.RenderPipelines.Universal.2D.Runtime", "src\HELIX\Unity.RenderPipelines.Universal.2D.Runtime.csproj", "{16a57932-99ff-4fd2-61bd-be6498a89732}"
EndProject
Project("{FAE04EC0-301F-11D3-BF4B-00C04F79EFBC}") = "UnityEngine.UI", "src\HELIX\UnityEngine.UI.csproj", "{36b0a807-54e7-31e7-1268-964e6a3d8b58}"
EndProject
Project("{FAE04EC0-301F-11D3-BF4B-00C04F79EFBC}") = "Unity.Addressables.Editor", "src\HELIX\Unity.Addressables.Editor.csproj", "{9e3bdbdc-e332-4778-515e-8596e877f517}"
EndProject
Project("{FAE04EC0-301F-11D3-BF4B-00C04F79EFBC}") = "Unity.MemoryProfiler.Editor", "src\HELIX\Unity.MemoryProfiler.Editor.csproj", "{aa2c07ab-97e1-cecb-1419-84baf669c20e}"
EndProject
Project("{FAE04EC0-301F-11D3-BF4B-00C04F79EFBC}") = "Unity.RenderPipelines.Universal.Runtime", "src\HELIX\Unity.RenderPipelines.Universal.Runtime.csproj", "{26576205-0e86-b4f4-8f7a-495526b07213}"
EndProject
Project("{FAE04EC0-301F-11D3-BF4B-00C04F79EFBC}") = "Unity.Pipeline", "src\HELIX\Unity.Pipeline.csproj", "{cb6968c4-a6c9-51f6-1aaa-206e32d52ad7}"
EndProject
Project("{FAE04EC0-301F-11D3-BF4B-00C04F79EFBC}") = "HELIX", "src\HELIX\HELIX.csproj", "{d4fbdb85-1b7a-dabd-b652-9516f8295d11}"
EndProject
Project("{FAE04EC0-301F-11D3-BF4B-00C04F79EFBC}") = "Unity.VisualScripting.Core.Editor", "src\HELIX\Unity.VisualScripting.Core.Editor.csproj", "{7d0e9af4-c6b0-a0c4-1a5c-d10459727770}"
EndProject
Project("{FAE04EC0-301F-11D3-BF4B-00C04F79EFBC}") = "Unity.RenderPipelines.Universal.Editor", "src\HELIX\Unity.RenderPipelines.Universal.Editor.csproj", "{294ba5bb-1478-da95-39a0-08cc6cef8ba4}"
EndProject
Project("{FAE04EC0-301F-11D3-BF4B-00C04F79EFBC}") = "Unity.PerformanceTesting.Editor", "src\HELIX\Unity.PerformanceTesting.Editor.csproj", "{50df853a-7713-5e70-e72a-220c606db08f}"
EndProject
Project("{FAE04EC0-301F-11D3-BF4B-00C04F79EFBC}") = "UnityEngine.TestRunner", "src\HELIX\UnityEngine.TestRunner.csproj", "{8047e347-0fac-075c-5407-aabcdb62612d}"
EndProject
Project("{FAE04EC0-301F-11D3-BF4B-00C04F79EFBC}") = "Unity.AppUI.Redux", "src\HELIX\Unity.AppUI.Redux.csproj", "{394136b1-21f9-fafe-642e-712a94a74241}"
EndProject
Project("{FAE04EC0-301F-11D3-BF4B-00C04F79EFBC}") = "Unity.VisualScripting.Flow.Editor", "src\HELIX\Unity.VisualScripting.Flow.Editor.csproj", "{11fa7156-7acb-c3f9-e4a0-25a5d4bd85ae}"
EndProject
Project("{FAE04EC0-301F-11D3-BF4B-00C04F79EFBC}") = "Unity.Pipeline.Editor", "src\HELIX\Unity.Pipeline.Editor.csproj", "{67e67057-e5c6-166a-bdee-00b0f4e27d91}"
EndProject
Project("{FAE04EC0-301F-11D3-BF4B-00C04F79EFBC}") = "HELIX.Compose", "src\HELIX\HELIX.Compose.csproj", "{8f5c030f-8ed5-ac34-3342-851eb2e4a67f}"
EndProject
Project("{FAE04EC0-301F-11D3-BF4B-00C04F79EFBC}") = "Unity.VisualStudio.Editor", "src\HELIX\Unity.VisualStudio.Editor.csproj", "{b57bba9d-7c10-0ca4-0ec3-e90981d37055}"
EndProject
Project("{FAE04EC0-301F-11D3-BF4B-00C04F79EFBC}") = "Unity.InputSystem", "src\HELIX\Unity.InputSystem.csproj", "{90c324ef-ca74-9be5-4d8f-8774d253faf6}"
EndProject
Project("{FAE04EC0-301F-11D3-BF4B-00C04F79EFBC}") = "UniTask", "src\HELIX\UniTask.csproj", "{d0252fe4-d345-0671-3fd3-29a13c29a6c7}"
EndProject
Project("{FAE04EC0-301F-11D3-BF4B-00C04F79EFBC}") = "Unity.Searcher.Editor", "src\HELIX\Unity.Searcher.Editor.csproj", "{2646cc15-87fc-9567-cb45-b4ccfff92f3c}"
EndProject
Project("{FAE04EC0-301F-11D3-BF4B-00C04F79EFBC}") = "Unity.ResourceManager", "src\HELIX\Unity.ResourceManager.csproj", "{e7daadf1-f2c8-05d4-237d-4126014580e0}"
EndProject
Project("{FAE04EC0-301F-11D3-BF4B-00C04F79EFBC}") = "UnityEditor.TestRunner", "src\HELIX\UnityEditor.TestRunner.csproj", "{bda6399f-b2e8-3390-3737-74a8f1d279b2}"
EndProject
Project("{FAE04EC0-301F-11D3-BF4B-00C04F79EFBC}") = "HELIX.Compose.Editor", "src\HELIX\HELIX.Compose.Editor.csproj", "{0aded14e-802c-84cf-fab2-62a448d90da7}"
EndProject
Project("{FAE04EC0-301F-11D3-BF4B-00C04F79EFBC}") = "Unity.VisualScripting.Core", "src\HELIX\Unity.VisualScripting.Core.csproj", "{2b67a579-57d0-4298-0d3b-453c7c4d6674}"
EndProject
Project("{FAE04EC0-301F-11D3-BF4B-00C04F79EFBC}") = "Unity.UnifiedRayTracing.Runtime", "src\HELIX\Unity.UnifiedRayTracing.Runtime.csproj", "{c0a50460-ebbd-180b-7f88-7b2b56f54d06}"
EndProject
Project("{FAE04EC0-301F-11D3-BF4B-00C04F79EFBC}") = "Unity.AI.Navigation.Editor.ConversionSystem", "src\HELIX\Unity.AI.Navigation.Editor.ConversionSystem.csproj", "{8998cc62-e7b7-0681-2117-fc98da981bef}"
EndProject
Project("{FAE04EC0-301F-11D3-BF4B-00C04F79EFBC}") = "Unity.VisualScripting.State.Editor", "src\HELIX\Unity.VisualScripting.State.Editor.csproj", "{2dba0deb-176d-e97a-2fd2-e65be863c452}"
EndProject
Project("{FAE04EC0-301F-11D3-BF4B-00C04F79EFBC}") = "HELIX.Widgets", "src\HELIX\HELIX.Widgets.csproj", "{e6db31b6-c6a6-5b88-a962-6044d000f5e4}"
EndProject
Project("{FAE04EC0-301F-11D3-BF4B-00C04F79EFBC}") = "Unity.Addressables.DocExampleCode.Editor.Tests", "src\HELIX\Unity.Addressables.DocExampleCode.Editor.Tests.csproj", "{3bf46e69-1fe6-ddc8-ea43-b50b4086fe64}"
EndProject
Project("{FAE04EC0-301F-11D3-BF4B-00C04F79EFBC}") = "Unity.VisualScripting.Flow", "src\HELIX\Unity.VisualScripting.Flow.csproj", "{a6169d11-8c57-3abd-308c-6750f66df56a}"
EndProject
Project("{FAE04EC0-301F-11D3-BF4B-00C04F79EFBC}") = "Unity.PerformanceTesting", "src\HELIX\Unity.PerformanceTesting.csproj", "{14b96429-9672-ac9a-8159-155fc1fb0c5c}"
EndProject
Project("{FAE04EC0-301F-11D3-BF4B-00C04F79EFBC}") = "HELIX.Widgets.Editor", "src\HELIX\HELIX.Widgets.Editor.csproj", "{49b0063b-ac31-8c32-cd8f-41bd6568197d}"
EndProject
Project("{FAE04EC0-301F-11D3-BF4B-00C04F79EFBC}") = "HELIX.Context", "src\HELIX\HELIX.Context.csproj", "{b5dd3a92-af61-4ae6-2ee1-e2d5ae2cc32c}"
EndProject
Project("{FAE04EC0-301F-11D3-BF4B-00C04F79EFBC}") = "Unity.Multiplayer.Center.Editor", "src\HELIX\Unity.Multiplayer.Center.Editor.csproj", "{4e9343a8-0e04-6e2a-83b4-e8ce4f6d2eb5}"
EndProject
Project("{FAE04EC0-301F-11D3-BF4B-00C04F79EFBC}") = "Unity.Pipeline.CodeGen", "src\HELIX\Unity.Pipeline.CodeGen.csproj", "{32a75e10-5ca9-2a6c-020d-6c8f44ffd81d}"
EndProject
Project("{FAE04EC0-301F-11D3-BF4B-00C04F79EFBC}") = "Unity.TextMeshPro", "src\HELIX\Unity.TextMeshPro.csproj", "{8fe66706-161b-b3ac-07b9-185c9dd7bf54}"
EndProject
Project("{FAE04EC0-301F-11D3-BF4B-00C04F79EFBC}") = "UniTask.Linq", "src\HELIX\UniTask.Linq.csproj", "{80f1fd55-f2cb-5f5b-88b6-b07176ad3ad8}"
EndProject
Project("{FAE04EC0-301F-11D3-BF4B-00C04F79EFBC}") = "Unity.TextMeshPro.Editor", "src\HELIX\Unity.TextMeshPro.Editor.csproj", "{39966e60-685b-10af-5d6c-b96c7118df97}"
EndProject
Project("{FAE04EC0-301F-11D3-BF4B-00C04F79EFBC}") = "Unity.AppUI.Navigation.Editor", "src\HELIX\Unity.AppUI.Navigation.Editor.csproj", "{99211c90-b739-9680-4d8d-c403ed35cc52}"
EndProject
Project("{FAE04EC0-301F-11D3-BF4B-00C04F79EFBC}") = "Unity.AppUI.InternalAPIBridge", "src\HELIX\Unity.AppUI.InternalAPIBridge.csproj", "{27203b67-5290-5980-4971-6ba3bef06451}"
EndProject
Project("{FAE04EC0-301F-11D3-BF4B-00C04F79EFBC}") = "Unity.Rider.Editor", "src\HELIX\Unity.Rider.Editor.csproj", "{34c6c0f7-ae16-8f3f-05a5-128efb9d6dbd}"
EndProject
Project("{FAE04EC0-301F-11D3-BF4B-00C04F79EFBC}") = "Unity.AutoGroupGenerator.Editor", "src\HELIX\Unity.AutoGroupGenerator.Editor.csproj", "{c313fc6f-c36e-1c33-7afe-b29e758b2c61}"
EndProject
Project("{FAE04EC0-301F-11D3-BF4B-00C04F79EFBC}") = "Unity.VisualScripting.State", "src\HELIX\Unity.VisualScripting.State.csproj", "{1f1be8ad-a8fb-dc28-6fee-889d73231f06}"
EndProject
Project("{FAE04EC0-301F-11D3-BF4B-00C04F79EFBC}") = "Unity.AI.Navigation.Updater", "src\HELIX\Unity.AI.Navigation.Updater.csproj", "{392234b9-bf7b-ba89-9b59-0a4742df84a2}"
EndProject
Project("{FAE04EC0-301F-11D3-BF4B-00C04F79EFBC}") = "Unity.UI.TestFramework.Editor", "src\HELIX\Unity.UI.TestFramework.Editor.csproj", "{6acf83c8-9094-20f2-8071-afbcf7a84b14}"
EndProject
Project("{FAE04EC0-301F-11D3-BF4B-00C04F79EFBC}") = "Unity.Multiplayer.Center.Common", "src\HELIX\Unity.Multiplayer.Center.Common.csproj", "{cf3f0663-ec00-b603-180c-1697da26a9d6}"
EndProject
Project("{FAE04EC0-301F-11D3-BF4B-00C04F79EFBC}") = "Assembly-CSharp", "src\HELIX\Assembly-CSharp.csproj", "{130f6f9c-66a1-3cc1-c608-acf1ef1fcd2f}"
EndProject
Project("{FAE04EC0-301F-11D3-BF4B-00C04F79EFBC}") = "UnityEditor.UI", "src\HELIX\UnityEditor.UI.csproj", "{786d9202-2c27-f96b-4378-75c4405f37ae}"
EndProject
Project("{FAE04EC0-301F-11D3-BF4B-00C04F79EFBC}") = "Unity.RenderPipelines.Universal.2D.Editor.Overrides", "src\HELIX\Unity.RenderPipelines.Universal.2D.Editor.Overrides.csproj", "{826f5233-e5eb-43e6-da62-811fd91ea236}"
EndProject
Project("{FAE04EC0-301F-11D3-BF4B-00C04F79EFBC}") = "Unity.2D.Sprite.Editor", "src\HELIX\Unity.2D.Sprite.Editor.csproj", "{89220799-9106-41b2-d011-698e059f4d67}"
EndProject
Project("{FAE04EC0-301F-11D3-BF4B-00C04F79EFBC}") = "Unity.AI.Navigation.Editor", "src\HELIX\Unity.AI.Navigation.Editor.csproj", "{e52f5ff0-eccd-619b-0530-db9fbfb3f961}"
EndProject
Project("{FAE04EC0-301F-11D3-BF4B-00C04F79EFBC}") = "Unity.AppUI.MVVM", "src\HELIX\Unity.AppUI.MVVM.csproj", "{48e69100-da15-f08f-e601-df483904950d}"
EndProject
Project("{FAE04EC0-301F-11D3-BF4B-00C04F79EFBC}") = "Unity.MemoryProfiler.Editor.MemoryProfilerModule", "src\HELIX\Unity.MemoryProfiler.Editor.MemoryProfilerModule.csproj", "{b8cf17d3-0b75-a51c-24ce-a84a546e304e}"
EndProject
Project("{FAE04EC0-301F-11D3-BF4B-00C04F79EFBC}") = "Unity.GraphAuthoring.Editor", "src\HELIX\Unity.GraphAuthoring.Editor.csproj", "{47823653-8643-8db8-4a1e-a2f5e2aeec9a}"
EndProject
Project("{FAE04EC0-301F-11D3-BF4B-00C04F79EFBC}") = "Unity.RenderPipelines.Core.Runtime.Shared", "src\HELIX\Unity.RenderPipelines.Core.Runtime.Shared.csproj", "{28a2f60d-b017-8b61-03bb-abf06b93468c}"
EndProject
Project("{FAE04EC0-301F-11D3-BF4B-00C04F79EFBC}") = "Unity.AppUI.Navigation", "src\HELIX\Unity.AppUI.Navigation.csproj", "{07cdf731-a58b-7c84-06a6-cd57bd3d69b6}"
EndProject
Project("{FAE04EC0-301F-11D3-BF4B-00C04F79EFBC}") = "Unity.InputSystem.ForUI", "src\HELIX\Unity.InputSystem.ForUI.csproj", "{f232b60e-f812-894c-15f0-69c051783cbd}"
EndProject
Project("{FAE04EC0-301F-11D3-BF4B-00C04F79EFBC}") = "Unity.RenderPipelines.Core.Editor.Shared", "src\HELIX\Unity.RenderPipelines.Core.Editor.Shared.csproj", "{2ea70e25-452e-a7d7-48ea-e4ac57e00532}"
EndProject
Project("{FAE04EC0-301F-11D3-BF4B-00C04F79EFBC}") = "Unity.AI.Navigation", "src\HELIX\Unity.AI.Navigation.csproj", "{0dacaead-da95-d91a-947c-73441a1c7638}"
EndProject
Project("{FAE04EC0-301F-11D3-BF4B-00C04F79EFBC}") = "Unity.Collections.CodeGen", "src\HELIX\Unity.Collections.CodeGen.csproj", "{7815eacf-2750-0da7-c0a4-d068f48afaf2}"
EndProject
Project("{FAE04EC0-301F-11D3-BF4B-00C04F79EFBC}") = "Unity.Addressables", "src\HELIX\Unity.Addressables.csproj", "{defc6497-e366-2af2-7986-ba1aec0de94b}"
EndProject
Project("{FAE04EC0-301F-11D3-BF4B-00C04F79EFBC}") = "Unity.UI.TestFramework.Runtime", "src\HELIX\Unity.UI.TestFramework.Runtime.csproj", "{f53cf7ff-ad77-d1f6-5933-3007b90ca0d9}"
EndProject
Project("{FAE04EC0-301F-11D3-BF4B-00C04F79EFBC}") = "Unity.VisualScripting.SettingsProvider.Editor", "src\HELIX\Unity.VisualScripting.SettingsProvider.Editor.csproj", "{85fdfa70-5ecd-731d-8afc-46d0f2c9f172}"
EndProject
Project("{FAE04EC0-301F-11D3-BF4B-00C04F79EFBC}") = "UnityEditor.UI.Analytics", "src\HELIX\UnityEditor.UI.Analytics.csproj", "{6bbf33e4-d5cd-4312-b998-bdf3c61e9c7a}"
EndProject
Project("{FAE04EC0-301F-11D3-BF4B-00C04F79EFBC}") = "Unity.PathTracing.Runtime", "src\HELIX\Unity.PathTracing.Runtime.csproj", "{d8e1ae04-9f43-4eca-9967-4e617c5ca3c9}"
EndProject
Project("{FAE04EC0-301F-11D3-BF4B-00C04F79EFBC}") = "UniTask.TextMeshPro", "src\HELIX\UniTask.TextMeshPro.csproj", "{8df6266a-1d6f-782f-4bf6-a3a7ceb03f05}"
EndProject
Project("{FAE04EC0-301F-11D3-BF4B-00C04F79EFBC}") = "Unity.PathTracing.Editor", "src\HELIX\Unity.PathTracing.Editor.csproj", "{85ec3b0b-b1b2-4b6f-dcb6-8ae2b5754c6e}"
EndProject
Project("{FAE04EC0-301F-11D3-BF4B-00C04F79EFBC}") = "Unity.ScriptableBuildPipeline", "src\HELIX\Unity.ScriptableBuildPipeline.csproj", "{b9f40b23-10be-80ce-bf04-7c5620fbe63d}"
EndProject
Project("{FAE04EC0-301F-11D3-BF4B-00C04F79EFBC}") = "Unity.AppUI.Editor", "src\HELIX\Unity.AppUI.Editor.csproj", "{b1e4fc21-d267-c73d-84fa-d1b8a59477b7}"
EndProject
Project("{FAE04EC0-301F-11D3-BF4B-00C04F79EFBC}") = "Unity.InputSystem.TestFramework", "src\HELIX\Unity.InputSystem.TestFramework.csproj", "{18ffd2a4-b971-4c8a-be26-31d2c5b8717b}"
EndProject
Project("{FAE04EC0-301F-11D3-BF4B-00C04F79EFBC}") = "Sirenix.OdinInspector.Modules.Unity.Addressables", "src\HELIX\Sirenix.OdinInspector.Modules.Unity.Addressables.csproj", "{19b3f8c0-b975-0ffb-6663-438d3f8a6a47}"
EndProject
Project("{FAE04EC0-301F-11D3-BF4B-00C04F79EFBC}") = "Unity.ShaderGraph.Utilities", "src\HELIX\Unity.ShaderGraph.Utilities.csproj", "{25fdef5a-5260-469a-feb8-e6e90c3e82db}"
EndProject
Project("{FAE04EC0-301F-11D3-BF4B-00C04F79EFBC}") = "Unity.VisualScripting.Shared.Editor", "src\HELIX\Unity.VisualScripting.Shared.Editor.csproj", "{a81a03c2-3749-00e0-5e89-aaeba3823537}"
EndProject
Project("{FAE04EC0-301F-11D3-BF4B-00C04F79EFBC}") = "Unity.AppUI.Redux.Editor", "src\HELIX\Unity.AppUI.Redux.Editor.csproj", "{498bf726-a9be-391b-95d7-3f6a915e6fef}"
EndProject
Project("{FAE04EC0-301F-11D3-BF4B-00C04F79EFBC}") = "HELIX.Context.Tests", "src\HELIX\HELIX.Context.Tests.csproj", "{31692e30-8b57-a2d4-7fcb-cac3d8cdd7e9}"
EndProject
Project("{FAE04EC0-301F-11D3-BF4B-00C04F79EFBC}") = "Unity.Profiling.Core", "src\HELIX\Unity.Profiling.Core.csproj", "{d54330c6-8c7b-e23c-5d49-d6bf1ff08bd8}"
EndProject
Project("{FAE04EC0-301F-11D3-BF4B-00C04F79EFBC}") = "Unity.AppUI.Undo", "src\HELIX\Unity.AppUI.Undo.csproj", "{1e34b728-d1c3-66bd-38b8-df3b336a0478}"
EndProject
Project("{FAE04EC0-301F-11D3-BF4B-00C04F79EFBC}") = "Unity.EditorCoroutines.Editor", "src\HELIX\Unity.EditorCoroutines.Editor.csproj", "{549e5960-7f0c-86ec-8868-72f792cd4626}"
EndProject
Project("{FAE04EC0-301F-11D3-BF4B-00C04F79EFBC}") = "Unity.SurfaceCache.Runtime", "src\HELIX\Unity.SurfaceCache.Runtime.csproj", "{000b7839-d379-5274-ea49-218511956e9e}"
EndProject
Project("{FAE04EC0-301F-11D3-BF4B-00C04F79EFBC}") = "Unity.InternalAPIEngineBridge.RenderPipelines.Core.Runtime.Shared", "src\HELIX\Unity.InternalAPIEngineBridge.RenderPipelines.Core.Runtime.Shared.csproj", "{0941856e-ca88-2106-51c5-38cba14a0dbf}"
EndProject
Project("{FAE04EC0-301F-11D3-BF4B-00C04F79EFBC}") = "Unity.Collections.Tests.CoreCLR.InternalJobNestedPrivate", "src\HELIX\Unity.Collections.Tests.CoreCLR.InternalJobNestedPrivate.csproj", "{da76ce0f-2a61-9db7-de18-21c03b540937}"
EndProject
Project("{FAE04EC0-301F-11D3-BF4B-00C04F79EFBC}") = "Unity.CollabProxy.Editor", "src\HELIX\Unity.CollabProxy.Editor.csproj", "{672b2c85-c78c-edb0-a826-82116a5ff69a}"
EndProject
Project("{FAE04EC0-301F-11D3-BF4B-00C04F79EFBC}") = "Unity.RenderPipeline.Universal.ShaderLibrary", "src\HELIX\Unity.RenderPipeline.Universal.ShaderLibrary.csproj", "{01217f08-a6f7-b34e-6382-febf263b81a0}"
EndProject
Project("{FAE04EC0-301F-11D3-BF4B-00C04F79EFBC}") = "Unity.InternalAPIEngineBridge.ObjectDispatcher.Runtime", "src\HELIX\Unity.InternalAPIEngineBridge.ObjectDispatcher.Runtime.csproj", "{9156b9d5-bf72-f5e5-7e73-1d076fe9376b}"
EndProject
Project("{FAE04EC0-301F-11D3-BF4B-00C04F79EFBC}") = "UniTask.Editor", "src\HELIX\UniTask.Editor.csproj", "{6497f3f1-e2d0-2c0c-ad3e-b1851e7a1976}"
EndProject
Project("{FAE04EC0-301F-11D3-BF4B-00C04F79EFBC}") = "Unity.InternalAPIEngineBridge.RenderPipelines.Core.Editor", "src\HELIX\Unity.InternalAPIEngineBridge.RenderPipelines.Core.Editor.csproj", "{7ac42de8-5ed2-4ed8-c298-e9c877446adc}"
EndProject
Project("{FAE04EC0-301F-11D3-BF4B-00C04F79EFBC}") = "Unity.InternalAPIEngineBridge.004", "src\HELIX\Unity.InternalAPIEngineBridge.004.csproj", "{01a1410a-7960-5957-e6b4-45e8c39877e9}"
EndProject
Project("{FAE04EC0-301F-11D3-BF4B-00C04F79EFBC}") = "Unity.Collections.Tests.CoreCLR.PublicJobPrivateGeneric", "src\HELIX\Unity.Collections.Tests.CoreCLR.PublicJobPrivateGeneric.csproj", "{3dff8741-759b-db20-4c13-57d5601c5821}"
EndProject
Project("{FAE04EC0-301F-11D3-BF4B-00C04F79EFBC}") = "Unity.InputSystem.DocCodeSamples", "src\HELIX\Unity.InputSystem.DocCodeSamples.csproj", "{9d35c6e4-3bd5-21a3-7339-29b7308bac34}"
EndProject
Project("{FAE04EC0-301F-11D3-BF4B-00C04F79EFBC}") = "Sirenix.OdinInspector.Modules.UnityMathematics", "src\HELIX\Sirenix.OdinInspector.Modules.UnityMathematics.csproj", "{42e024d7-2c46-2026-31bd-f91b83504701}"
EndProject
Project("{FAE04EC0-301F-11D3-BF4B-00C04F79EFBC}") = "Unity.RenderPipelines.Universal.Shaders", "src\HELIX\Unity.RenderPipelines.Universal.Shaders.csproj", "{473dbdde-da6b-8a15-6def-99ad9438edf8}"
EndProject
Project("{FAE04EC0-301F-11D3-BF4B-00C04F79EFBC}") = "Unity.InternalAPIEditorBridge.ShaderGraph.Editor", "src\HELIX\Unity.InternalAPIEditorBridge.ShaderGraph.Editor.csproj", "{049bd6c7-4149-d8c9-47d9-d4d8470488b7}"
EndProject
Project("{FAE04EC0-301F-11D3-BF4B-00C04F79EFBC}") = "Unity.MemoryProfiler", "src\HELIX\Unity.MemoryProfiler.csproj", "{d90f5669-d30a-3912-f7b9-e375096776a2}"
EndProject
Project("{FAE04EC0-301F-11D3-BF4B-00C04F79EFBC}") = "Helix.Widgets.Tests", "src\HELIX\Helix.Widgets.Tests.csproj", "{df9973fd-63a6-3efb-2f5e-9f86b6348126}"
EndProject
Project("{FAE04EC0-301F-11D3-BF4B-00C04F79EFBC}") = "Unity.VisualScripting.DocCodeExamples", "src\HELIX\Unity.VisualScripting.DocCodeExamples.csproj", "{66e5c2f3-327c-48d3-a3d8-5d4ecf945587}"
EndProject
Project("{FAE04EC0-301F-11D3-BF4B-00C04F79EFBC}") = "HELIX.UI", "src\HELIX\HELIX.UI.csproj", "{7b52ffcf-86a5-0d1e-c39a-260c9549266e}"
EndProject
Project("{FAE04EC0-301F-11D3-BF4B-00C04F79EFBC}") = "Unity.Collections.Tests.CoreCLR.PrivateJobNested", "src\HELIX\Unity.Collections.Tests.CoreCLR.PrivateJobNested.csproj", "{f3664b6a-8885-80da-3504-8dfac4c481f2}"
EndProject
Project("{FAE04EC0-301F-11D3-BF4B-00C04F79EFBC}") = "Unity.PlasticSCM.Editor.Entities", "src\HELIX\Unity.PlasticSCM.Editor.Entities.csproj", "{c3936410-dd94-c868-fc74-a702de216731}"
EndProject
Project("{FAE04EC0-301F-11D3-BF4B-00C04F79EFBC}") = "Unity.Collections.Tests.CoreCLR.ProtectedJobNested", "src\HELIX\Unity.Collections.Tests.CoreCLR.ProtectedJobNested.csproj", "{4fae890b-c7e9-2f23-fa64-eb53d652b4b2}"
EndProject
Project("{FAE04EC0-301F-11D3-BF4B-00C04F79EFBC}") = "UniTask.Addressables", "src\HELIX\UniTask.Addressables.csproj", "{487dfb54-70ba-11f8-da90-744f971f3293}"
EndProject
Project("{FAE04EC0-301F-11D3-BF4B-00C04F79EFBC}") = "Unity.Burst", "src\HELIX\Unity.Burst.csproj", "{3e5e1a3b-5dc2-efcd-fbd8-012855b9e15d}"
EndProject
Project("{FAE04EC0-301F-11D3-BF4B-00C04F79EFBC}") = "HELIX.Support.Odin", "src\HELIX\HELIX.Support.Odin.csproj", "{b9e84d84-4734-eacd-bd1c-7344719448a1}"
EndProject
Project("{FAE04EC0-301F-11D3-BF4B-00C04F79EFBC}") = "Unity.Rendering.LightTransport.Editor", "src\HELIX\Unity.Rendering.LightTransport.Editor.csproj", "{5c157a06-2bca-91fc-913d-56a9fce600b7}"
EndProject
Project("{FAE04EC0-301F-11D3-BF4B-00C04F79EFBC}") = "Unity.Collections.Editor", "src\HELIX\Unity.Collections.Editor.csproj", "{0a9c3fbe-9fcc-0119-e47c-627bac49edf1}"
EndProject
Project("{FAE04EC0-301F-11D3-BF4B-00C04F79EFBC}") = "Unity.Mathematics", "src\HELIX\Unity.Mathematics.csproj", "{811a98a1-b84d-baa6-2797-abc63b7e970f}"
EndProject
Project("{FAE04EC0-301F-11D3-BF4B-00C04F79EFBC}") = "UniTask.DOTween", "src\HELIX\UniTask.DOTween.csproj", "{e1bf24b6-0fe3-6233-04e3-5381b6d3d833}"
EndProject
Project("{FAE04EC0-301F-11D3-BF4B-00C04F79EFBC}") = "Unity.RenderPipelines.Universal.Config.Runtime", "src\HELIX\Unity.RenderPipelines.Universal.Config.Runtime.csproj", "{5ebafd34-4a41-d706-a76c-6561f5e8fd4a}"
EndProject
Project("{FAE04EC0-301F-11D3-BF4B-00C04F79EFBC}") = "Unity.RenderPipelines.ShaderGraph.ShaderGraphLibrary", "src\HELIX\Unity.RenderPipelines.ShaderGraph.ShaderGraphLibrary.csproj", "{1c3a15c4-c20a-bc4d-7cc9-3b99901b06c2}"
EndProject
Project("{FAE04EC0-301F-11D3-BF4B-00C04F79EFBC}") = "Unity.RenderPipelines.Core.ShaderLibrary", "src\HELIX\Unity.RenderPipelines.Core.ShaderLibrary.csproj", "{545326cf-615b-7fde-1bea-bc397bbd8f16}"
EndProject
Project("{FAE04EC0-301F-11D3-BF4B-00C04F79EFBC}") = "HELIX.Tests", "src\HELIX\HELIX.Tests.csproj", "{471d72b8-ede6-8573-378b-056fbe74582b}"
EndProject
Project("{FAE04EC0-301F-11D3-BF4B-00C04F79EFBC}") = "Assembly-CSharp-Editor", "src\HELIX\Assembly-CSharp-Editor.csproj", "{0e88b07c-00e4-4580-1f12-00da59a01989}"
EndProject
Project("{FAE04EC0-301F-11D3-BF4B-00C04F79EFBC}") = "Unity.RenderPipelines.Universal.Editor.Tests", "src\HELIX\Unity.RenderPipelines.Universal.Editor.Tests.csproj", "{5c61db9f-69a5-95b6-9689-a2ddd5dd0190}"
EndProject
Project("{FAE04EC0-301F-11D3-BF4B-00C04F79EFBC}") = "Unity.Addressables.Editor.Tests", "src\HELIX\Unity.Addressables.Editor.Tests.csproj", "{4799a98a-44a0-4648-d42b-c813b8ed012f}"
EndProject
Project("{FAE04EC0-301F-11D3-BF4B-00C04F79EFBC}") = "Assembly-CSharp-firstpass", "src\HELIX\Assembly-CSharp-firstpass.csproj", "{948942be-c212-497e-ff6e-a43183cf9de6}"
EndProject
Project("{FAE04EC0-301F-11D3-BF4B-00C04F79EFBC}") = "Unity.RenderPipelines.Core.Editor.Tests", "src\HELIX\Unity.RenderPipelines.Core.Editor.Tests.csproj", "{acb7ccca-ccea-3850-4a53-b83e46f4193c}"
EndProject
Project("{FAE04EC0-301F-11D3-BF4B-00C04F79EFBC}") = "Unity.GraphAuthoring.Editor.Tests", "src\HELIX\Unity.GraphAuthoring.Editor.Tests.csproj", "{4017efcc-f916-8220-18b1-b7044e9aecca}"
EndProject
Project("{FAE04EC0-301F-11D3-BF4B-00C04F79EFBC}") = "Unity.RenderPipelines.Universal.Config.Editor.Tests", "src\HELIX\Unity.RenderPipelines.Universal.Config.Editor.Tests.csproj", "{b526e468-c03c-a57f-082b-e46acc0b6900}"
EndProject
Project("{FAE04EC0-301F-11D3-BF4B-00C04F79EFBC}") = "Unity.ResourceManager.Tests", "src\HELIX\Unity.ResourceManager.Tests.csproj", "{890d41a8-f206-8604-3629-e95a7bfd5289}"
EndProject
Project("{FAE04EC0-301F-11D3-BF4B-00C04F79EFBC}") = "Unity.Collections.DocCodeSamples", "src\HELIX\Unity.Collections.DocCodeSamples.csproj", "{e4390ac9-72fa-4011-3667-b5cda733534f}"
EndProject
Project("{FAE04EC0-301F-11D3-BF4B-00C04F79EFBC}") = "Unity.UI.TestFramework.Package.Runtime.Tests", "src\HELIX\Unity.UI.TestFramework.Package.Runtime.Tests.csproj", "{d3d093e1-0b90-7645-0af7-a200a48dfef7}"
EndProject
Project("{FAE04EC0-301F-11D3-BF4B-00C04F79EFBC}") = "Unity.ScriptableBuildPipeline.Editor.Tests", "src\HELIX\Unity.ScriptableBuildPipeline.Editor.Tests.csproj", "{918d222c-bb27-512c-78c4-68c100740d6a}"
EndProject
Project("{FAE04EC0-301F-11D3-BF4B-00C04F79EFBC}") = "Unity.2D.Sprite.Package.EditorTests", "src\HELIX\Unity.2D.Sprite.Package.EditorTests.csproj", "{ae3a93d0-a9ec-9d93-83b7-1f7cda851b99}"
EndProject
Project("{FAE04EC0-301F-11D3-BF4B-00C04F79EFBC}") = "Unity.AppUI.Tests", "src\HELIX\Unity.AppUI.Tests.csproj", "{8b7fe622-51e1-aa14-f38e-ebc7c2c783c4}"
EndProject
Project("{FAE04EC0-301F-11D3-BF4B-00C04F79EFBC}") = "Unity.Searcher.EditorTests", "src\HELIX\Unity.Searcher.EditorTests.csproj", "{17c5be43-e93f-d4bf-c401-68d9d63de541}"
EndProject
Project("{FAE04EC0-301F-11D3-BF4B-00C04F79EFBC}") = "Unity.Addressables.Runtime.Tests", "src\HELIX\Unity.Addressables.Runtime.Tests.csproj", "{fe1d8511-a1e9-a5ed-4a98-8f9eb827ca98}"
EndProject
Project("{FAE04EC0-301F-11D3-BF4B-00C04F79EFBC}") = "Unity.ScriptableBuildPipelineTests.Runtime.Tests", "src\HELIX\Unity.ScriptableBuildPipelineTests.Runtime.Tests.csproj", "{bde57c76-c8ed-b05f-903a-996d807d9067}"
EndProject
Project("{FAE04EC0-301F-11D3-BF4B-00C04F79EFBC}") = "Unity.Collections.PerformanceTests", "src\HELIX\Unity.Collections.PerformanceTests.csproj", "{4d97282c-120e-e2e8-74fe-b543b3ea9c13}"
EndProject
Project("{FAE04EC0-301F-11D3-BF4B-00C04F79EFBC}") = "Unity.Pipeline.Tests.Runtime", "src\HELIX\Unity.Pipeline.Tests.Runtime.csproj", "{299c74c1-dad8-5ec3-0ff0-2e330a3d344d}"
EndProject
Project("{FAE04EC0-301F-11D3-BF4B-00C04F79EFBC}") = "UnityEditor.UI.Common.Tests", "src\HELIX\UnityEditor.UI.Common.Tests.csproj", "{2c9e318a-b999-c3d3-7ace-28646def2c85}"
EndProject
Project("{FAE04EC0-301F-11D3-BF4B-00C04F79EFBC}") = "Unity.Pipeline.Tests.Editor", "src\HELIX\Unity.Pipeline.Tests.Editor.csproj", "{5b4b0085-d0ec-e8f3-0960-81690bc22ab0}"
EndProject
Project("{FAE04EC0-301F-11D3-BF4B-00C04F79EFBC}") = "Unity.TextMeshPro.Editor.Tests", "src\HELIX\Unity.TextMeshPro.Editor.Tests.csproj", "{87a6af62-4f31-20ac-fb83-c7f91005e3ea}"
EndProject
Project("{FAE04EC0-301F-11D3-BF4B-00C04F79EFBC}") = "HELIX.Devtools.Editor.Odin", "src\HELIX\HELIX.Devtools.Editor.Odin.csproj", "{53148aad-62c0-26c6-86f9-25812b9f68e7}"
EndProject
Project("{FAE04EC0-301F-11D3-BF4B-00C04F79EFBC}") = "HELIX.Devtools.Editor", "src\HELIX\HELIX.Devtools.Editor.csproj", "{50ec6bde-d9f8-2c48-8177-32c484110e20}"
EndProject
Project("{FAE04EC0-301F-11D3-BF4B-00C04F79EFBC}") = "Assembly-CSharp-Editor-firstpass", "src\HELIX\Assembly-CSharp-Editor-firstpass.csproj", "{7f64291e-2eef-77b1-bc05-8ece2f98e4cf}"
EndProject
Project("{FAE04EC0-301F-11D3-BF4B-00C04F79EFBC}") = "Unity.Collections.Tests", "src\HELIX\Unity.Collections.Tests.csproj", "{c7071efb-fc3e-6b9c-2dc8-e25e7c6a04a7}"
EndProject
Project("{FAE04EC0-301F-11D3-BF4B-00C04F79EFBC}") = "Assembly-CSharp-Editor-firstpass-testable", "src\HELIX\Assembly-CSharp-Editor-firstpass-testable.csproj", "{e21b8931-23dd-fcc4-a2ed-d7d2035665a6}"
EndProject
Project("{FAE04EC0-301F-11D3-BF4B-00C04F79EFBC}") = "Unity.RenderPipelines.Core.Runtime.Tests", "src\HELIX\Unity.RenderPipelines.Core.Runtime.Tests.csproj", "{02d32e18-3e02-67df-17ae-1fc550fecc93}"
EndProject
Project("{FAE04EC0-301F-11D3-BF4B-00C04F79EFBC}") = "Unity.Multiplayer.Center.Editor.Tests", "src\HELIX\Unity.Multiplayer.Center.Editor.Tests.csproj", "{411534f8-b70a-8dd9-13f5-0c1ec7dadf50}"
EndProject
Project("{FAE04EC0-301F-11D3-BF4B-00C04F79EFBC}") = "Unity.PathTracing.Runtime.Tests", "src\HELIX\Unity.PathTracing.Runtime.Tests.csproj", "{ad6b35c7-0609-be71-a6a9-845db036905c}"
EndProject
Project("{FAE04EC0-301F-11D3-BF4B-00C04F79EFBC}") = "Unity.SurfaceCache.Tests", "src\HELIX\Unity.SurfaceCache.Tests.csproj", "{f9ee2739-2e4a-ca54-1aec-b872a9a91dfe}"
EndProject
Project("{FAE04EC0-301F-11D3-BF4B-00C04F79EFBC}") = "Unity.UI.TestFramework.Package.Editor.Tests", "src\HELIX\Unity.UI.TestFramework.Package.Editor.Tests.csproj", "{275f7c2c-1dc6-786d-c3a3-0e7177f32e97}"
EndProject
Project("{FAE04EC0-301F-11D3-BF4B-00C04F79EFBC}") = "UnityEngine.UI.Tests", "src\HELIX\UnityEngine.UI.Tests.csproj", "{a162f77e-7fce-8eb5-a275-8e89e1d12ebf}"
EndProject
Project("{FAE04EC0-301F-11D3-BF4B-00C04F79EFBC}") = "Unity.InputSystem.IntegrationTests", "src\HELIX\Unity.InputSystem.IntegrationTests.csproj", "{89031048-7e10-7132-f763-3ca74235211e}"
EndProject
Project("{FAE04EC0-301F-11D3-BF4B-00C04F79EFBC}") = "Unity.Collections.Tests.Playmode", "src\HELIX\Unity.Collections.Tests.Playmode.csproj", "{c5b5c658-0b41-0247-5101-eb08edfaa309}"
EndProject
Project("{FAE04EC0-301F-11D3-BF4B-00C04F79EFBC}") = "Unity.Nuget.Mono-Cecil", "src\HELIX\Unity.Nuget.Mono-Cecil.csproj", "{10b527bb-c09f-f4cf-0daa-8984511fab92}"
EndProject
Project("{FAE04EC0-301F-11D3-BF4B-00C04F79EFBC}") = "Unity.TextMeshPro.Tests", "src\HELIX\Unity.TextMeshPro.Tests.csproj", "{c837f1aa-5e2b-b920-3885-e931a041cd05}"
EndProject
Project("{FAE04EC0-301F-11D3-BF4B-00C04F79EFBC}") = "Unity.UnifiedRayTracing.Editor.Tests", "src\HELIX\Unity.UnifiedRayTracing.Editor.Tests.csproj", "{31ef1303-5b45-6888-3360-00dcc0d48786}"
EndProject
Project("{FAE04EC0-301F-11D3-BF4B-00C04F79EFBC}") = "HELIX.Devtools", "src\HELIX\HELIX.Devtools.csproj", "{2e36e904-3c26-3fb2-70e4-16f5f916b8a9}"
EndProject
Project("{FAE04EC0-301F-11D3-BF4B-00C04F79EFBC}") = "HELIX.Devtools.Odin", "src\HELIX\HELIX.Devtools.Odin.csproj", "{3b251e49-f7a5-a4ef-b57b-ee7bafc70225}"
EndProject
Project("{FAE04EC0-301F-11D3-BF4B-00C04F79EFBC}") = "UnityEditor.UI.EditorTests", "src\HELIX\UnityEditor.UI.EditorTests.csproj", "{2dff306b-72d3-87be-ae86-6655fe068d61}"
EndProject
Project("{FAE04EC0-301F-11D3-BF4B-00C04F79EFBC}") = "Unity.RenderPipelines.Universal.Runtime.Tests", "src\HELIX\Unity.RenderPipelines.Universal.Runtime.Tests.csproj", "{82604cc6-7a9a-619d-c579-347e801be77d}"
EndProject
Project("{FAE04EC0-301F-11D3-BF4B-00C04F79EFBC}") = "Unity.PathTracing.Editor.Tests", "src\HELIX\Unity.PathTracing.Editor.Tests.csproj", "{f42b62cc-cc0e-4206-7eb0-e7a8d09a3b97}"
EndProject
Project("{FAE04EC0-301F-11D3-BF4B-00C04F79EFBC}") = "Unity.ScriptableBuildPipeline.Tests", "src\HELIX\Unity.ScriptableBuildPipeline.Tests.csproj", "{355150d8-d5c0-41e9-e746-c41dc4a74a7e}"
EndProject
Project("{FAE04EC0-301F-11D3-BF4B-00C04F79EFBC}") = "Unity.AppUI.Editor.Tests", "src\HELIX\Unity.AppUI.Editor.Tests.csproj", "{22032013-1aba-d9cf-e995-f1c5aca0d55f}"
EndProject
Project("{FAE04EC0-301F-11D3-BF4B-00C04F79EFBC}") = "Unity.Collections.BurstCompatibilityGen", "src\HELIX\Unity.Collections.BurstCompatibilityGen.csproj", "{b3c69c8a-6904-b92c-adfa-8bcda2387198}"
EndProject
Project("{FAE04EC0-301F-11D3-BF4B-00C04F79EFBC}") = "Unity.Mathematics.Editor.Tests", "src\HELIX\Unity.Mathematics.Editor.Tests.csproj", "{8980973d-3f45-b289-9648-4719412ed19f}"
EndProject
Project("{FAE04EC0-301F-11D3-BF4B-00C04F79EFBC}") = "Unity.ShaderGraph.Editor.Tests", "src\HELIX\Unity.ShaderGraph.Editor.Tests.csproj", "{e1fc779b-aa2e-6ea8-ff91-016680418865}"
EndProject
Project("{2150E333-8FDC-42A3-9474-1A3956D46DE8}") = "HelixRider", "HelixRider", "{50AC933A-AF89-3D94-8B5D-3E97B530A85C}"
EndProject
Project("{2150E333-8FDC-42A3-9474-1A3956D46DE8}") = "HelixSourceGenerator", "HelixSourceGenerator", "{4F7194BD-7859-3865-8277-A7152022284D}"
EndProject
Project("{2150E333-8FDC-42A3-9474-1A3956D46DE8}") = "HELIX", "HELIX", "{3EF5887E-209E-3926-91A0-8339DF32B9DA}"
EndProject
Project("{2150E333-8FDC-42A3-9474-1A3956D46DE8}") = "HELIX", "HELIX", "{BDB66EEE-228A-3400-8363-DA1E56D2982E}"
EndProject
Project("{2150E333-8FDC-42A3-9474-1A3956D46DE8}") = "Excluded Projects", "Excluded Projects", "{942D0E48-4CAC-3324-BFD9-16C76E6F1F4F}"
EndProject
Global
	GlobalSection(SolutionConfigurationPlatforms) = preSolution
		Debug|Any CPU = Debug|Any CPU
		Release|Any CPU = Release|Any CPU
	EndGlobalSection
	GlobalSection(ProjectConfigurationPlatforms) = postSolution
		{05608FE6-4FD1-4E9D-9BE2-B13A0E370BA2}.Debug|Any CPU.ActiveCfg = Debug|Any CPU
		{05608FE6-4FD1-4E9D-9BE2-B13A0E370BA2}.Debug|Any CPU.Build.0 = Debug|Any CPU
		{05608FE6-4FD1-4E9D-9BE2-B13A0E370BA2}.Release|Any CPU.ActiveCfg = Release|Any CPU
		{05608FE6-4FD1-4E9D-9BE2-B13A0E370BA2}.Release|Any CPU.Build.0 = Release|Any CPU
		{084172D1-A9C6-46D0-96AD-05C5B09A5E5D}.Debug|Any CPU.ActiveCfg = Debug|Any CPU
		{084172D1-A9C6-46D0-96AD-05C5B09A5E5D}.Debug|Any CPU.Build.0 = Debug|Any CPU
		{084172D1-A9C6-46D0-96AD-05C5B09A5E5D}.Release|Any CPU.ActiveCfg = Release|Any CPU
		{084172D1-A9C6-46D0-96AD-05C5B09A5E5D}.Release|Any CPU.Build.0 = Release|Any CPU
		{01C3DEF5-50B2-47CB-9467-19BC6DDF9D3D}.Debug|Any CPU.ActiveCfg = Debug|Any CPU
		{01C3DEF5-50B2-47CB-9467-19BC6DDF9D3D}.Debug|Any CPU.Build.0 = Debug|Any CPU
		{01C3DEF5-50B2-47CB-9467-19BC6DDF9D3D}.Release|Any CPU.ActiveCfg = Release|Any CPU
		{01C3DEF5-50B2-47CB-9467-19BC6DDF9D3D}.Release|Any CPU.Build.0 = Release|Any CPU
		{2C06BADC-32EE-4DB0-88A2-CE314BC4891A}.Debug|Any CPU.ActiveCfg = Debug|Any CPU
		{2C06BADC-32EE-4DB0-88A2-CE314BC4891A}.Debug|Any CPU.Build.0 = Debug|Any CPU
		{2C06BADC-32EE-4DB0-88A2-CE314BC4891A}.Release|Any CPU.ActiveCfg = Release|Any CPU
		{2C06BADC-32EE-4DB0-88A2-CE314BC4891A}.Release|Any CPU.Build.0 = Release|Any CPU
		{C8CC31ED-80E4-4D63-9694-A7B548481418}.Debug|Any CPU.ActiveCfg = Debug|Any CPU
		{C8CC31ED-80E4-4D63-9694-A7B548481418}.Debug|Any CPU.Build.0 = Debug|Any CPU
		{C8CC31ED-80E4-4D63-9694-A7B548481418}.Release|Any CPU.ActiveCfg = Release|Any CPU
		{C8CC31ED-80E4-4D63-9694-A7B548481418}.Release|Any CPU.Build.0 = Release|Any CPU
		{f847bd9c-27b7-e901-0271-66b931008990}.Debug|Any CPU.ActiveCfg = Debug|Any CPU
		{f847bd9c-27b7-e901-0271-66b931008990}.Debug|Any CPU.Build.0 = Debug|Any CPU
		{8c184b69-fea7-c0e1-bfc5-ce3663a4503a}.Debug|Any CPU.ActiveCfg = Debug|Any CPU
		{8c184b69-fea7-c0e1-bfc5-ce3663a4503a}.Debug|Any CPU.Build.0 = Debug|Any CPU
		{12f08900-922c-f5e6-b428-31f48c980c0f}.Debug|Any CPU.ActiveCfg = Debug|Any CPU
		{12f08900-922c-f5e6-b428-31f48c980c0f}.Debug|Any CPU.Build.0 = Debug|Any CPU
		{608ec2a6-8c95-39fc-5bbc-b0eee729974d}.Debug|Any CPU.ActiveCfg = Debug|Any CPU
		{608ec2a6-8c95-39fc-5bbc-b0eee729974d}.Debug|Any CPU.Build.0 = Debug|Any CPU
		{2ae7c2fd-ff9b-a27e-6a2d-3356c030bdc1}.Debug|Any CPU.ActiveCfg = Debug|Any CPU
		{2ae7c2fd-ff9b-a27e-6a2d-3356c030bdc1}.Debug|Any CPU.Build.0 = Debug|Any CPU
		{01c05a6d-b0d5-e791-88de-a1225d706453}.Debug|Any CPU.ActiveCfg = Debug|Any CPU
		{01c05a6d-b0d5-e791-88de-a1225d706453}.Debug|Any CPU.Build.0 = Debug|Any CPU
		{00cacc7c-998e-46f2-8195-8e799b293929}.Debug|Any CPU.ActiveCfg = Debug|Any CPU
		{00cacc7c-998e-46f2-8195-8e799b293929}.Debug|Any CPU.Build.0 = Debug|Any CPU
		{03be1ef9-9584-cdd0-5928-7db7a5af00fe}.Debug|Any CPU.ActiveCfg = Debug|Any CPU
		{03be1ef9-9584-cdd0-5928-7db7a5af00fe}.Debug|Any CPU.Build.0 = Debug|Any CPU
		{e13c6962-6b5c-60a3-c2f4-c78e2ee2038c}.Debug|Any CPU.ActiveCfg = Debug|Any CPU
		{e13c6962-6b5c-60a3-c2f4-c78e2ee2038c}.Debug|Any CPU.Build.0 = Debug|Any CPU
		{c2817ad0-7eb1-7ee9-e1ee-6d57fa7a2ad6}.Debug|Any CPU.ActiveCfg = Debug|Any CPU
		{c2817ad0-7eb1-7ee9-e1ee-6d57fa7a2ad6}.Debug|Any CPU.Build.0 = Debug|Any CPU
		{16a57932-99ff-4fd2-61bd-be6498a89732}.Debug|Any CPU.ActiveCfg = Debug|Any CPU
		{16a57932-99ff-4fd2-61bd-be6498a89732}.Debug|Any CPU.Build.0 = Debug|Any CPU
		{36b0a807-54e7-31e7-1268-964e6a3d8b58}.Debug|Any CPU.ActiveCfg = Debug|Any CPU
		{36b0a807-54e7-31e7-1268-964e6a3d8b58}.Debug|Any CPU.Build.0 = Debug|Any CPU
		{9e3bdbdc-e332-4778-515e-8596e877f517}.Debug|Any CPU.ActiveCfg = Debug|Any CPU
		{9e3bdbdc-e332-4778-515e-8596e877f517}.Debug|Any CPU.Build.0 = Debug|Any CPU
		{aa2c07ab-97e1-cecb-1419-84baf669c20e}.Debug|Any CPU.ActiveCfg = Debug|Any CPU
		{aa2c07ab-97e1-cecb-1419-84baf669c20e}.Debug|Any CPU.Build.0 = Debug|Any CPU
		{26576205-0e86-b4f4-8f7a-495526b07213}.Debug|Any CPU.ActiveCfg = Debug|Any CPU
		{26576205-0e86-b4f4-8f7a-495526b07213}.Debug|Any CPU.Build.0 = Debug|Any CPU
		{cb6968c4-a6c9-51f6-1aaa-206e32d52ad7}.Debug|Any CPU.ActiveCfg = Debug|Any CPU
		{cb6968c4-a6c9-51f6-1aaa-206e32d52ad7}.Debug|Any CPU.Build.0 = Debug|Any CPU
		{d4fbdb85-1b7a-dabd-b652-9516f8295d11}.Debug|Any CPU.ActiveCfg = Debug|Any CPU
		{d4fbdb85-1b7a-dabd-b652-9516f8295d11}.Debug|Any CPU.Build.0 = Debug|Any CPU
		{7d0e9af4-c6b0-a0c4-1a5c-d10459727770}.Debug|Any CPU.ActiveCfg = Debug|Any CPU
		{7d0e9af4-c6b0-a0c4-1a5c-d10459727770}.Debug|Any CPU.Build.0 = Debug|Any CPU
		{294ba5bb-1478-da95-39a0-08cc6cef8ba4}.Debug|Any CPU.ActiveCfg = Debug|Any CPU
		{294ba5bb-1478-da95-39a0-08cc6cef8ba4}.Debug|Any CPU.Build.0 = Debug|Any CPU
		{50df853a-7713-5e70-e72a-220c606db08f}.Debug|Any CPU.ActiveCfg = Debug|Any CPU
		{50df853a-7713-5e70-e72a-220c606db08f}.Debug|Any CPU.Build.0 = Debug|Any CPU
		{8047e347-0fac-075c-5407-aabcdb62612d}.Debug|Any CPU.ActiveCfg = Debug|Any CPU
		{8047e347-0fac-075c-5407-aabcdb62612d}.Debug|Any CPU.Build.0 = Debug|Any CPU
		{394136b1-21f9-fafe-642e-712a94a74241}.Debug|Any CPU.ActiveCfg = Debug|Any CPU
		{394136b1-21f9-fafe-642e-712a94a74241}.Debug|Any CPU.Build.0 = Debug|Any CPU
		{11fa7156-7acb-c3f9-e4a0-25a5d4bd85ae}.Debug|Any CPU.ActiveCfg = Debug|Any CPU
		{11fa7156-7acb-c3f9-e4a0-25a5d4bd85ae}.Debug|Any CPU.Build.0 = Debug|Any CPU
		{67e67057-e5c6-166a-bdee-00b0f4e27d91}.Debug|Any CPU.ActiveCfg = Debug|Any CPU
		{67e67057-e5c6-166a-bdee-00b0f4e27d91}.Debug|Any CPU.Build.0 = Debug|Any CPU
		{8f5c030f-8ed5-ac34-3342-851eb2e4a67f}.Debug|Any CPU.ActiveCfg = Debug|Any CPU
		{8f5c030f-8ed5-ac34-3342-851eb2e4a67f}.Debug|Any CPU.Build.0 = Debug|Any CPU
		{b57bba9d-7c10-0ca4-0ec3-e90981d37055}.Debug|Any CPU.ActiveCfg = Debug|Any CPU
		{b57bba9d-7c10-0ca4-0ec3-e90981d37055}.Debug|Any CPU.Build.0 = Debug|Any CPU
		{90c324ef-ca74-9be5-4d8f-8774d253faf6}.Debug|Any CPU.ActiveCfg = Debug|Any CPU
		{90c324ef-ca74-9be5-4d8f-8774d253faf6}.Debug|Any CPU.Build.0 = Debug|Any CPU
		{d0252fe4-d345-0671-3fd3-29a13c29a6c7}.Debug|Any CPU.ActiveCfg = Debug|Any CPU
		{d0252fe4-d345-0671-3fd3-29a13c29a6c7}.Debug|Any CPU.Build.0 = Debug|Any CPU
		{2646cc15-87fc-9567-cb45-b4ccfff92f3c}.Debug|Any CPU.ActiveCfg = Debug|Any CPU
		{2646cc15-87fc-9567-cb45-b4ccfff92f3c}.Debug|Any CPU.Build.0 = Debug|Any CPU
		{e7daadf1-f2c8-05d4-237d-4126014580e0}.Debug|Any CPU.ActiveCfg = Debug|Any CPU
		{e7daadf1-f2c8-05d4-237d-4126014580e0}.Debug|Any CPU.Build.0 = Debug|Any CPU
		{bda6399f-b2e8-3390-3737-74a8f1d279b2}.Debug|Any CPU.ActiveCfg = Debug|Any CPU
		{bda6399f-b2e8-3390-3737-74a8f1d279b2}.Debug|Any CPU.Build.0 = Debug|Any CPU
		{0aded14e-802c-84cf-fab2-62a448d90da7}.Debug|Any CPU.ActiveCfg = Debug|Any CPU
		{0aded14e-802c-84cf-fab2-62a448d90da7}.Debug|Any CPU.Build.0 = Debug|Any CPU
		{2b67a579-57d0-4298-0d3b-453c7c4d6674}.Debug|Any CPU.ActiveCfg = Debug|Any CPU
		{2b67a579-57d0-4298-0d3b-453c7c4d6674}.Debug|Any CPU.Build.0 = Debug|Any CPU
		{c0a50460-ebbd-180b-7f88-7b2b56f54d06}.Debug|Any CPU.ActiveCfg = Debug|Any CPU
		{c0a50460-ebbd-180b-7f88-7b2b56f54d06}.Debug|Any CPU.Build.0 = Debug|Any CPU
		{8998cc62-e7b7-0681-2117-fc98da981bef}.Debug|Any CPU.ActiveCfg = Debug|Any CPU
		{8998cc62-e7b7-0681-2117-fc98da981bef}.Debug|Any CPU.Build.0 = Debug|Any CPU
		{2dba0deb-176d-e97a-2fd2-e65be863c452}.Debug|Any CPU.ActiveCfg = Debug|Any CPU
		{2dba0deb-176d-e97a-2fd2-e65be863c452}.Debug|Any CPU.Build.0 = Debug|Any CPU
		{e6db31b6-c6a6-5b88-a962-6044d000f5e4}.Debug|Any CPU.ActiveCfg = Debug|Any CPU
		{e6db31b6-c6a6-5b88-a962-6044d000f5e4}.Debug|Any CPU.Build.0 = Debug|Any CPU
		{3bf46e69-1fe6-ddc8-ea43-b50b4086fe64}.Debug|Any CPU.ActiveCfg = Debug|Any CPU
		{3bf46e69-1fe6-ddc8-ea43-b50b4086fe64}.Debug|Any CPU.Build.0 = Debug|Any CPU
		{a6169d11-8c57-3abd-308c-6750f66df56a}.Debug|Any CPU.ActiveCfg = Debug|Any CPU
		{a6169d11-8c57-3abd-308c-6750f66df56a}.Debug|Any CPU.Build.0 = Debug|Any CPU
		{14b96429-9672-ac9a-8159-155fc1fb0c5c}.Debug|Any CPU.ActiveCfg = Debug|Any CPU
		{14b96429-9672-ac9a-8159-155fc1fb0c5c}.Debug|Any CPU.Build.0 = Debug|Any CPU
		{49b0063b-ac31-8c32-cd8f-41bd6568197d}.Debug|Any CPU.ActiveCfg = Debug|Any CPU
		{49b0063b-ac31-8c32-cd8f-41bd6568197d}.Debug|Any CPU.Build.0 = Debug|Any CPU
		{b5dd3a92-af61-4ae6-2ee1-e2d5ae2cc32c}.Debug|Any CPU.ActiveCfg = Debug|Any CPU
		{b5dd3a92-af61-4ae6-2ee1-e2d5ae2cc32c}.Debug|Any CPU.Build.0 = Debug|Any CPU
		{4e9343a8-0e04-6e2a-83b4-e8ce4f6d2eb5}.Debug|Any CPU.ActiveCfg = Debug|Any CPU
		{4e9343a8-0e04-6e2a-83b4-e8ce4f6d2eb5}.Debug|Any CPU.Build.0 = Debug|Any CPU
		{32a75e10-5ca9-2a6c-020d-6c8f44ffd81d}.Debug|Any CPU.ActiveCfg = Debug|Any CPU
		{32a75e10-5ca9-2a6c-020d-6c8f44ffd81d}.Debug|Any CPU.Build.0 = Debug|Any CPU
		{8fe66706-161b-b3ac-07b9-185c9dd7bf54}.Debug|Any CPU.ActiveCfg = Debug|Any CPU
		{8fe66706-161b-b3ac-07b9-185c9dd7bf54}.Debug|Any CPU.Build.0 = Debug|Any CPU
		{80f1fd55-f2cb-5f5b-88b6-b07176ad3ad8}.Debug|Any CPU.ActiveCfg = Debug|Any CPU
		{80f1fd55-f2cb-5f5b-88b6-b07176ad3ad8}.Debug|Any CPU.Build.0 = Debug|Any CPU
		{39966e60-685b-10af-5d6c-b96c7118df97}.Debug|Any CPU.ActiveCfg = Debug|Any CPU
		{39966e60-685b-10af-5d6c-b96c7118df97}.Debug|Any CPU.Build.0 = Debug|Any CPU
		{99211c90-b739-9680-4d8d-c403ed35cc52}.Debug|Any CPU.ActiveCfg = Debug|Any CPU
		{99211c90-b739-9680-4d8d-c403ed35cc52}.Debug|Any CPU.Build.0 = Debug|Any CPU
		{27203b67-5290-5980-4971-6ba3bef06451}.Debug|Any CPU.ActiveCfg = Debug|Any CPU
		{27203b67-5290-5980-4971-6ba3bef06451}.Debug|Any CPU.Build.0 = Debug|Any CPU
		{34c6c0f7-ae16-8f3f-05a5-128efb9d6dbd}.Debug|Any CPU.ActiveCfg = Debug|Any CPU
		{34c6c0f7-ae16-8f3f-05a5-128efb9d6dbd}.Debug|Any CPU.Build.0 = Debug|Any CPU
		{c313fc6f-c36e-1c33-7afe-b29e758b2c61}.Debug|Any CPU.ActiveCfg = Debug|Any CPU
		{c313fc6f-c36e-1c33-7afe-b29e758b2c61}.Debug|Any CPU.Build.0 = Debug|Any CPU
		{1f1be8ad-a8fb-dc28-6fee-889d73231f06}.Debug|Any CPU.ActiveCfg = Debug|Any CPU
		{1f1be8ad-a8fb-dc28-6fee-889d73231f06}.Debug|Any CPU.Build.0 = Debug|Any CPU
		{392234b9-bf7b-ba89-9b59-0a4742df84a2}.Debug|Any CPU.ActiveCfg = Debug|Any CPU
		{392234b9-bf7b-ba89-9b59-0a4742df84a2}.Debug|Any CPU.Build.0 = Debug|Any CPU
		{6acf83c8-9094-20f2-8071-afbcf7a84b14}.Debug|Any CPU.ActiveCfg = Debug|Any CPU
		{6acf83c8-9094-20f2-8071-afbcf7a84b14}.Debug|Any CPU.Build.0 = Debug|Any CPU
		{cf3f0663-ec00-b603-180c-1697da26a9d6}.Debug|Any CPU.ActiveCfg = Debug|Any CPU
		{cf3f0663-ec00-b603-180c-1697da26a9d6}.Debug|Any CPU.Build.0 = Debug|Any CPU
		{130f6f9c-66a1-3cc1-c608-acf1ef1fcd2f}.Debug|Any CPU.ActiveCfg = Debug|Any CPU
		{130f6f9c-66a1-3cc1-c608-acf1ef1fcd2f}.Debug|Any CPU.Build.0 = Debug|Any CPU
		{786d9202-2c27-f96b-4378-75c4405f37ae}.Debug|Any CPU.ActiveCfg = Debug|Any CPU
		{786d9202-2c27-f96b-4378-75c4405f37ae}.Debug|Any CPU.Build.0 = Debug|Any CPU
		{826f5233-e5eb-43e6-da62-811fd91ea236}.Debug|Any CPU.ActiveCfg = Debug|Any CPU
		{826f5233-e5eb-43e6-da62-811fd91ea236}.Debug|Any CPU.Build.0 = Debug|Any CPU
		{89220799-9106-41b2-d011-698e059f4d67}.Debug|Any CPU.ActiveCfg = Debug|Any CPU
		{89220799-9106-41b2-d011-698e059f4d67}.Debug|Any CPU.Build.0 = Debug|Any CPU
		{e52f5ff0-eccd-619b-0530-db9fbfb3f961}.Debug|Any CPU.ActiveCfg = Debug|Any CPU
		{e52f5ff0-eccd-619b-0530-db9fbfb3f961}.Debug|Any CPU.Build.0 = Debug|Any CPU
		{48e69100-da15-f08f-e601-df483904950d}.Debug|Any CPU.ActiveCfg = Debug|Any CPU
		{48e69100-da15-f08f-e601-df483904950d}.Debug|Any CPU.Build.0 = Debug|Any CPU
		{b8cf17d3-0b75-a51c-24ce-a84a546e304e}.Debug|Any CPU.ActiveCfg = Debug|Any CPU
		{b8cf17d3-0b75-a51c-24ce-a84a546e304e}.Debug|Any CPU.Build.0 = Debug|Any CPU
		{47823653-8643-8db8-4a1e-a2f5e2aeec9a}.Debug|Any CPU.ActiveCfg = Debug|Any CPU
		{47823653-8643-8db8-4a1e-a2f5e2aeec9a}.Debug|Any CPU.Build.0 = Debug|Any CPU
		{28a2f60d-b017-8b61-03bb-abf06b93468c}.Debug|Any CPU.ActiveCfg = Debug|Any CPU
		{28a2f60d-b017-8b61-03bb-abf06b93468c}.Debug|Any CPU.Build.0 = Debug|Any CPU
		{07cdf731-a58b-7c84-06a6-cd57bd3d69b6}.Debug|Any CPU.ActiveCfg = Debug|Any CPU
		{07cdf731-a58b-7c84-06a6-cd57bd3d69b6}.Debug|Any CPU.Build.0 = Debug|Any CPU
		{f232b60e-f812-894c-15f0-69c051783cbd}.Debug|Any CPU.ActiveCfg = Debug|Any CPU
		{f232b60e-f812-894c-15f0-69c051783cbd}.Debug|Any CPU.Build.0 = Debug|Any CPU
		{2ea70e25-452e-a7d7-48ea-e4ac57e00532}.Debug|Any CPU.ActiveCfg = Debug|Any CPU
		{2ea70e25-452e-a7d7-48ea-e4ac57e00532}.Debug|Any CPU.Build.0 = Debug|Any CPU
		{0dacaead-da95-d91a-947c-73441a1c7638}.Debug|Any CPU.ActiveCfg = Debug|Any CPU
		{0dacaead-da95-d91a-947c-73441a1c7638}.Debug|Any CPU.Build.0 = Debug|Any CPU
		{7815eacf-2750-0da7-c0a4-d068f48afaf2}.Debug|Any CPU.ActiveCfg = Debug|Any CPU
		{7815eacf-2750-0da7-c0a4-d068f48afaf2}.Debug|Any CPU.Build.0 = Debug|Any CPU
		{defc6497-e366-2af2-7986-ba1aec0de94b}.Debug|Any CPU.ActiveCfg = Debug|Any CPU
		{defc6497-e366-2af2-7986-ba1aec0de94b}.Debug|Any CPU.Build.0 = Debug|Any CPU
		{f53cf7ff-ad77-d1f6-5933-3007b90ca0d9}.Debug|Any CPU.ActiveCfg = Debug|Any CPU
		{f53cf7ff-ad77-d1f6-5933-3007b90ca0d9}.Debug|Any CPU.Build.0 = Debug|Any CPU
		{85fdfa70-5ecd-731d-8afc-46d0f2c9f172}.Debug|Any CPU.ActiveCfg = Debug|Any CPU
		{85fdfa70-5ecd-731d-8afc-46d0f2c9f172}.Debug|Any CPU.Build.0 = Debug|Any CPU
		{6bbf33e4-d5cd-4312-b998-bdf3c61e9c7a}.Debug|Any CPU.ActiveCfg = Debug|Any CPU
		{6bbf33e4-d5cd-4312-b998-bdf3c61e9c7a}.Debug|Any CPU.Build.0 = Debug|Any CPU
		{d8e1ae04-9f43-4eca-9967-4e617c5ca3c9}.Debug|Any CPU.ActiveCfg = Debug|Any CPU
		{d8e1ae04-9f43-4eca-9967-4e617c5ca3c9}.Debug|Any CPU.Build.0 = Debug|Any CPU
		{8df6266a-1d6f-782f-4bf6-a3a7ceb03f05}.Debug|Any CPU.ActiveCfg = Debug|Any CPU
		{8df6266a-1d6f-782f-4bf6-a3a7ceb03f05}.Debug|Any CPU.Build.0 = Debug|Any CPU
		{85ec3b0b-b1b2-4b6f-dcb6-8ae2b5754c6e}.Debug|Any CPU.ActiveCfg = Debug|Any CPU
		{85ec3b0b-b1b2-4b6f-dcb6-8ae2b5754c6e}.Debug|Any CPU.Build.0 = Debug|Any CPU
		{b9f40b23-10be-80ce-bf04-7c5620fbe63d}.Debug|Any CPU.ActiveCfg = Debug|Any CPU
		{b9f40b23-10be-80ce-bf04-7c5620fbe63d}.Debug|Any CPU.Build.0 = Debug|Any CPU
		{b1e4fc21-d267-c73d-84fa-d1b8a59477b7}.Debug|Any CPU.ActiveCfg = Debug|Any CPU
		{b1e4fc21-d267-c73d-84fa-d1b8a59477b7}.Debug|Any CPU.Build.0 = Debug|Any CPU
		{18ffd2a4-b971-4c8a-be26-31d2c5b8717b}.Debug|Any CPU.ActiveCfg = Debug|Any CPU
		{18ffd2a4-b971-4c8a-be26-31d2c5b8717b}.Debug|Any CPU.Build.0 = Debug|Any CPU
		{19b3f8c0-b975-0ffb-6663-438d3f8a6a47}.Debug|Any CPU.ActiveCfg = Debug|Any CPU
		{19b3f8c0-b975-0ffb-6663-438d3f8a6a47}.Debug|Any CPU.Build.0 = Debug|Any CPU
		{25fdef5a-5260-469a-feb8-e6e90c3e82db}.Debug|Any CPU.ActiveCfg = Debug|Any CPU
		{25fdef5a-5260-469a-feb8-e6e90c3e82db}.Debug|Any CPU.Build.0 = Debug|Any CPU
		{a81a03c2-3749-00e0-5e89-aaeba3823537}.Debug|Any CPU.ActiveCfg = Debug|Any CPU
		{a81a03c2-3749-00e0-5e89-aaeba3823537}.Debug|Any CPU.Build.0 = Debug|Any CPU
		{498bf726-a9be-391b-95d7-3f6a915e6fef}.Debug|Any CPU.ActiveCfg = Debug|Any CPU
		{498bf726-a9be-391b-95d7-3f6a915e6fef}.Debug|Any CPU.Build.0 = Debug|Any CPU
		{31692e30-8b57-a2d4-7fcb-cac3d8cdd7e9}.Debug|Any CPU.ActiveCfg = Debug|Any CPU
		{31692e30-8b57-a2d4-7fcb-cac3d8cdd7e9}.Debug|Any CPU.Build.0 = Debug|Any CPU
		{d54330c6-8c7b-e23c-5d49-d6bf1ff08bd8}.Debug|Any CPU.ActiveCfg = Debug|Any CPU
		{d54330c6-8c7b-e23c-5d49-d6bf1ff08bd8}.Debug|Any CPU.Build.0 = Debug|Any CPU
		{1e34b728-d1c3-66bd-38b8-df3b336a0478}.Debug|Any CPU.ActiveCfg = Debug|Any CPU
		{1e34b728-d1c3-66bd-38b8-df3b336a0478}.Debug|Any CPU.Build.0 = Debug|Any CPU
		{549e5960-7f0c-86ec-8868-72f792cd4626}.Debug|Any CPU.ActiveCfg = Debug|Any CPU
		{549e5960-7f0c-86ec-8868-72f792cd4626}.Debug|Any CPU.Build.0 = Debug|Any CPU
		{000b7839-d379-5274-ea49-218511956e9e}.Debug|Any CPU.ActiveCfg = Debug|Any CPU
		{000b7839-d379-5274-ea49-218511956e9e}.Debug|Any CPU.Build.0 = Debug|Any CPU
		{0941856e-ca88-2106-51c5-38cba14a0dbf}.Debug|Any CPU.ActiveCfg = Debug|Any CPU
		{0941856e-ca88-2106-51c5-38cba14a0dbf}.Debug|Any CPU.Build.0 = Debug|Any CPU
		{da76ce0f-2a61-9db7-de18-21c03b540937}.Debug|Any CPU.ActiveCfg = Debug|Any CPU
		{da76ce0f-2a61-9db7-de18-21c03b540937}.Debug|Any CPU.Build.0 = Debug|Any CPU
		{672b2c85-c78c-edb0-a826-82116a5ff69a}.Debug|Any CPU.ActiveCfg = Debug|Any CPU
		{672b2c85-c78c-edb0-a826-82116a5ff69a}.Debug|Any CPU.Build.0 = Debug|Any CPU
		{01217f08-a6f7-b34e-6382-febf263b81a0}.Debug|Any CPU.ActiveCfg = Debug|Any CPU
		{01217f08-a6f7-b34e-6382-febf263b81a0}.Debug|Any CPU.Build.0 = Debug|Any CPU
		{9156b9d5-bf72-f5e5-7e73-1d076fe9376b}.Debug|Any CPU.ActiveCfg = Debug|Any CPU
		{9156b9d5-bf72-f5e5-7e73-1d076fe9376b}.Debug|Any CPU.Build.0 = Debug|Any CPU
		{6497f3f1-e2d0-2c0c-ad3e-b1851e7a1976}.Debug|Any CPU.ActiveCfg = Debug|Any CPU
		{6497f3f1-e2d0-2c0c-ad3e-b1851e7a1976}.Debug|Any CPU.Build.0 = Debug|Any CPU
		{7ac42de8-5ed2-4ed8-c298-e9c877446adc}.Debug|Any CPU.ActiveCfg = Debug|Any CPU
		{7ac42de8-5ed2-4ed8-c298-e9c877446adc}.Debug|Any CPU.Build.0 = Debug|Any CPU
		{01a1410a-7960-5957-e6b4-45e8c39877e9}.Debug|Any CPU.ActiveCfg = Debug|Any CPU
		{01a1410a-7960-5957-e6b4-45e8c39877e9}.Debug|Any CPU.Build.0 = Debug|Any CPU
		{3dff8741-759b-db20-4c13-57d5601c5821}.Debug|Any CPU.ActiveCfg = Debug|Any CPU
		{3dff8741-759b-db20-4c13-57d5601c5821}.Debug|Any CPU.Build.0 = Debug|Any CPU
		{9d35c6e4-3bd5-21a3-7339-29b7308bac34}.Debug|Any CPU.ActiveCfg = Debug|Any CPU
		{9d35c6e4-3bd5-21a3-7339-29b7308bac34}.Debug|Any CPU.Build.0 = Debug|Any CPU
		{42e024d7-2c46-2026-31bd-f91b83504701}.Debug|Any CPU.ActiveCfg = Debug|Any CPU
		{42e024d7-2c46-2026-31bd-f91b83504701}.Debug|Any CPU.Build.0 = Debug|Any CPU
		{473dbdde-da6b-8a15-6def-99ad9438edf8}.Debug|Any CPU.ActiveCfg = Debug|Any CPU
		{473dbdde-da6b-8a15-6def-99ad9438edf8}.Debug|Any CPU.Build.0 = Debug|Any CPU
		{049bd6c7-4149-d8c9-47d9-d4d8470488b7}.Debug|Any CPU.ActiveCfg = Debug|Any CPU
		{049bd6c7-4149-d8c9-47d9-d4d8470488b7}.Debug|Any CPU.Build.0 = Debug|Any CPU
		{d90f5669-d30a-3912-f7b9-e375096776a2}.Debug|Any CPU.ActiveCfg = Debug|Any CPU
		{d90f5669-d30a-3912-f7b9-e375096776a2}.Debug|Any CPU.Build.0 = Debug|Any CPU
		{df9973fd-63a6-3efb-2f5e-9f86b6348126}.Debug|Any CPU.ActiveCfg = Debug|Any CPU
		{df9973fd-63a6-3efb-2f5e-9f86b6348126}.Debug|Any CPU.Build.0 = Debug|Any CPU
		{66e5c2f3-327c-48d3-a3d8-5d4ecf945587}.Debug|Any CPU.ActiveCfg = Debug|Any CPU
		{66e5c2f3-327c-48d3-a3d8-5d4ecf945587}.Debug|Any CPU.Build.0 = Debug|Any CPU
		{7b52ffcf-86a5-0d1e-c39a-260c9549266e}.Debug|Any CPU.ActiveCfg = Debug|Any CPU
		{7b52ffcf-86a5-0d1e-c39a-260c9549266e}.Debug|Any CPU.Build.0 = Debug|Any CPU
		{f3664b6a-8885-80da-3504-8dfac4c481f2}.Debug|Any CPU.ActiveCfg = Debug|Any CPU
		{f3664b6a-8885-80da-3504-8dfac4c481f2}.Debug|Any CPU.Build.0 = Debug|Any CPU
		{c3936410-dd94-c868-fc74-a702de216731}.Debug|Any CPU.ActiveCfg = Debug|Any CPU
		{c3936410-dd94-c868-fc74-a702de216731}.Debug|Any CPU.Build.0 = Debug|Any CPU
		{4fae890b-c7e9-2f23-fa64-eb53d652b4b2}.Debug|Any CPU.ActiveCfg = Debug|Any CPU
		{4fae890b-c7e9-2f23-fa64-eb53d652b4b2}.Debug|Any CPU.Build.0 = Debug|Any CPU
		{487dfb54-70ba-11f8-da90-744f971f3293}.Debug|Any CPU.ActiveCfg = Debug|Any CPU
		{487dfb54-70ba-11f8-da90-744f971f3293}.Debug|Any CPU.Build.0 = Debug|Any CPU
		{3e5e1a3b-5dc2-efcd-fbd8-012855b9e15d}.Debug|Any CPU.ActiveCfg = Debug|Any CPU
		{3e5e1a3b-5dc2-efcd-fbd8-012855b9e15d}.Debug|Any CPU.Build.0 = Debug|Any CPU
		{b9e84d84-4734-eacd-bd1c-7344719448a1}.Debug|Any CPU.ActiveCfg = Debug|Any CPU
		{b9e84d84-4734-eacd-bd1c-7344719448a1}.Debug|Any CPU.Build.0 = Debug|Any CPU
		{5c157a06-2bca-91fc-913d-56a9fce600b7}.Debug|Any CPU.ActiveCfg = Debug|Any CPU
		{5c157a06-2bca-91fc-913d-56a9fce600b7}.Debug|Any CPU.Build.0 = Debug|Any CPU
		{0a9c3fbe-9fcc-0119-e47c-627bac49edf1}.Debug|Any CPU.ActiveCfg = Debug|Any CPU
		{0a9c3fbe-9fcc-0119-e47c-627bac49edf1}.Debug|Any CPU.Build.0 = Debug|Any CPU
		{811a98a1-b84d-baa6-2797-abc63b7e970f}.Debug|Any CPU.ActiveCfg = Debug|Any CPU
		{811a98a1-b84d-baa6-2797-abc63b7e970f}.Debug|Any CPU.Build.0 = Debug|Any CPU
		{e1bf24b6-0fe3-6233-04e3-5381b6d3d833}.Debug|Any CPU.ActiveCfg = Debug|Any CPU
		{e1bf24b6-0fe3-6233-04e3-5381b6d3d833}.Debug|Any CPU.Build.0 = Debug|Any CPU
		{5ebafd34-4a41-d706-a76c-6561f5e8fd4a}.Debug|Any CPU.ActiveCfg = Debug|Any CPU
		{5ebafd34-4a41-d706-a76c-6561f5e8fd4a}.Debug|Any CPU.Build.0 = Debug|Any CPU
		{1c3a15c4-c20a-bc4d-7cc9-3b99901b06c2}.Debug|Any CPU.ActiveCfg = Debug|Any CPU
		{1c3a15c4-c20a-bc4d-7cc9-3b99901b06c2}.Debug|Any CPU.Build.0 = Debug|Any CPU
		{545326cf-615b-7fde-1bea-bc397bbd8f16}.Debug|Any CPU.ActiveCfg = Debug|Any CPU
		{545326cf-615b-7fde-1bea-bc397bbd8f16}.Debug|Any CPU.Build.0 = Debug|Any CPU
		{471d72b8-ede6-8573-378b-056fbe74582b}.Debug|Any CPU.ActiveCfg = Debug|Any CPU
		{471d72b8-ede6-8573-378b-056fbe74582b}.Debug|Any CPU.Build.0 = Debug|Any CPU
		{0e88b07c-00e4-4580-1f12-00da59a01989}.Debug|Any CPU.ActiveCfg = Debug|Any CPU
		{0e88b07c-00e4-4580-1f12-00da59a01989}.Debug|Any CPU.Build.0 = Debug|Any CPU
		{5c61db9f-69a5-95b6-9689-a2ddd5dd0190}.Debug|Any CPU.ActiveCfg = Debug|Any CPU
		{5c61db9f-69a5-95b6-9689-a2ddd5dd0190}.Debug|Any CPU.Build.0 = Debug|Any CPU
		{4799a98a-44a0-4648-d42b-c813b8ed012f}.Debug|Any CPU.ActiveCfg = Debug|Any CPU
		{4799a98a-44a0-4648-d42b-c813b8ed012f}.Debug|Any CPU.Build.0 = Debug|Any CPU
		{948942be-c212-497e-ff6e-a43183cf9de6}.Debug|Any CPU.ActiveCfg = Debug|Any CPU
		{948942be-c212-497e-ff6e-a43183cf9de6}.Debug|Any CPU.Build.0 = Debug|Any CPU
		{acb7ccca-ccea-3850-4a53-b83e46f4193c}.Debug|Any CPU.ActiveCfg = Debug|Any CPU
		{acb7ccca-ccea-3850-4a53-b83e46f4193c}.Debug|Any CPU.Build.0 = Debug|Any CPU
		{4017efcc-f916-8220-18b1-b7044e9aecca}.Debug|Any CPU.ActiveCfg = Debug|Any CPU
		{4017efcc-f916-8220-18b1-b7044e9aecca}.Debug|Any CPU.Build.0 = Debug|Any CPU
		{b526e468-c03c-a57f-082b-e46acc0b6900}.Debug|Any CPU.ActiveCfg = Debug|Any CPU
		{b526e468-c03c-a57f-082b-e46acc0b6900}.Debug|Any CPU.Build.0 = Debug|Any CPU
		{890d41a8-f206-8604-3629-e95a7bfd5289}.Debug|Any CPU.ActiveCfg = Debug|Any CPU
		{890d41a8-f206-8604-3629-e95a7bfd5289}.Debug|Any CPU.Build.0 = Debug|Any CPU
		{e4390ac9-72fa-4011-3667-b5cda733534f}.Debug|Any CPU.ActiveCfg = Debug|Any CPU
		{e4390ac9-72fa-4011-3667-b5cda733534f}.Debug|Any CPU.Build.0 = Debug|Any CPU
		{d3d093e1-0b90-7645-0af7-a200a48dfef7}.Debug|Any CPU.ActiveCfg = Debug|Any CPU
		{d3d093e1-0b90-7645-0af7-a200a48dfef7}.Debug|Any CPU.Build.0 = Debug|Any CPU
		{918d222c-bb27-512c-78c4-68c100740d6a}.Debug|Any CPU.ActiveCfg = Debug|Any CPU
		{918d222c-bb27-512c-78c4-68c100740d6a}.Debug|Any CPU.Build.0 = Debug|Any CPU
		{ae3a93d0-a9ec-9d93-83b7-1f7cda851b99}.Debug|Any CPU.ActiveCfg = Debug|Any CPU
		{ae3a93d0-a9ec-9d93-83b7-1f7cda851b99}.Debug|Any CPU.Build.0 = Debug|Any CPU
		{8b7fe622-51e1-aa14-f38e-ebc7c2c783c4}.Debug|Any CPU.ActiveCfg = Debug|Any CPU
		{8b7fe622-51e1-aa14-f38e-ebc7c2c783c4}.Debug|Any CPU.Build.0 = Debug|Any CPU
		{17c5be43-e93f-d4bf-c401-68d9d63de541}.Debug|Any CPU.ActiveCfg = Debug|Any CPU
		{17c5be43-e93f-d4bf-c401-68d9d63de541}.Debug|Any CPU.Build.0 = Debug|Any CPU
		{fe1d8511-a1e9-a5ed-4a98-8f9eb827ca98}.Debug|Any CPU.ActiveCfg = Debug|Any CPU
		{fe1d8511-a1e9-a5ed-4a98-8f9eb827ca98}.Debug|Any CPU.Build.0 = Debug|Any CPU
		{bde57c76-c8ed-b05f-903a-996d807d9067}.Debug|Any CPU.ActiveCfg = Debug|Any CPU
		{bde57c76-c8ed-b05f-903a-996d807d9067}.Debug|Any CPU.Build.0 = Debug|Any CPU
		{4d97282c-120e-e2e8-74fe-b543b3ea9c13}.Debug|Any CPU.ActiveCfg = Debug|Any CPU
		{4d97282c-120e-e2e8-74fe-b543b3ea9c13}.Debug|Any CPU.Build.0 = Debug|Any CPU
		{299c74c1-dad8-5ec3-0ff0-2e330a3d344d}.Debug|Any CPU.ActiveCfg = Debug|Any CPU
		{299c74c1-dad8-5ec3-0ff0-2e330a3d344d}.Debug|Any CPU.Build.0 = Debug|Any CPU
		{2c9e318a-b999-c3d3-7ace-28646def2c85}.Debug|Any CPU.ActiveCfg = Debug|Any CPU
		{2c9e318a-b999-c3d3-7ace-28646def2c85}.Debug|Any CPU.Build.0 = Debug|Any CPU
		{5b4b0085-d0ec-e8f3-0960-81690bc22ab0}.Debug|Any CPU.ActiveCfg = Debug|Any CPU
		{5b4b0085-d0ec-e8f3-0960-81690bc22ab0}.Debug|Any CPU.Build.0 = Debug|Any CPU
		{87a6af62-4f31-20ac-fb83-c7f91005e3ea}.Debug|Any CPU.ActiveCfg = Debug|Any CPU
		{87a6af62-4f31-20ac-fb83-c7f91005e3ea}.Debug|Any CPU.Build.0 = Debug|Any CPU
		{53148aad-62c0-26c6-86f9-25812b9f68e7}.Debug|Any CPU.ActiveCfg = Debug|Any CPU
		{53148aad-62c0-26c6-86f9-25812b9f68e7}.Debug|Any CPU.Build.0 = Debug|Any CPU
		{50ec6bde-d9f8-2c48-8177-32c484110e20}.Debug|Any CPU.ActiveCfg = Debug|Any CPU
		{50ec6bde-d9f8-2c48-8177-32c484110e20}.Debug|Any CPU.Build.0 = Debug|Any CPU
		{7f64291e-2eef-77b1-bc05-8ece2f98e4cf}.Debug|Any CPU.ActiveCfg = Debug|Any CPU
		{7f64291e-2eef-77b1-bc05-8ece2f98e4cf}.Debug|Any CPU.Build.0 = Debug|Any CPU
		{c7071efb-fc3e-6b9c-2dc8-e25e7c6a04a7}.Debug|Any CPU.ActiveCfg = Debug|Any CPU
		{c7071efb-fc3e-6b9c-2dc8-e25e7c6a04a7}.Debug|Any CPU.Build.0 = Debug|Any CPU
		{e21b8931-23dd-fcc4-a2ed-d7d2035665a6}.Debug|Any CPU.ActiveCfg = Debug|Any CPU
		{e21b8931-23dd-fcc4-a2ed-d7d2035665a6}.Debug|Any CPU.Build.0 = Debug|Any CPU
		{02d32e18-3e02-67df-17ae-1fc550fecc93}.Debug|Any CPU.ActiveCfg = Debug|Any CPU
		{02d32e18-3e02-67df-17ae-1fc550fecc93}.Debug|Any CPU.Build.0 = Debug|Any CPU
		{411534f8-b70a-8dd9-13f5-0c1ec7dadf50}.Debug|Any CPU.ActiveCfg = Debug|Any CPU
		{411534f8-b70a-8dd9-13f5-0c1ec7dadf50}.Debug|Any CPU.Build.0 = Debug|Any CPU
		{ad6b35c7-0609-be71-a6a9-845db036905c}.Debug|Any CPU.ActiveCfg = Debug|Any CPU
		{ad6b35c7-0609-be71-a6a9-845db036905c}.Debug|Any CPU.Build.0 = Debug|Any CPU
		{f9ee2739-2e4a-ca54-1aec-b872a9a91dfe}.Debug|Any CPU.ActiveCfg = Debug|Any CPU
		{f9ee2739-2e4a-ca54-1aec-b872a9a91dfe}.Debug|Any CPU.Build.0 = Debug|Any CPU
		{275f7c2c-1dc6-786d-c3a3-0e7177f32e97}.Debug|Any CPU.ActiveCfg = Debug|Any CPU
		{275f7c2c-1dc6-786d-c3a3-0e7177f32e97}.Debug|Any CPU.Build.0 = Debug|Any CPU
		{a162f77e-7fce-8eb5-a275-8e89e1d12ebf}.Debug|Any CPU.ActiveCfg = Debug|Any CPU
		{a162f77e-7fce-8eb5-a275-8e89e1d12ebf}.Debug|Any CPU.Build.0 = Debug|Any CPU
		{89031048-7e10-7132-f763-3ca74235211e}.Debug|Any CPU.ActiveCfg = Debug|Any CPU
		{89031048-7e10-7132-f763-3ca74235211e}.Debug|Any CPU.Build.0 = Debug|Any CPU
		{c5b5c658-0b41-0247-5101-eb08edfaa309}.Debug|Any CPU.ActiveCfg = Debug|Any CPU
		{c5b5c658-0b41-0247-5101-eb08edfaa309}.Debug|Any CPU.Build.0 = Debug|Any CPU
		{10b527bb-c09f-f4cf-0daa-8984511fab92}.Debug|Any CPU.ActiveCfg = Debug|Any CPU
		{10b527bb-c09f-f4cf-0daa-8984511fab92}.Debug|Any CPU.Build.0 = Debug|Any CPU
		{c837f1aa-5e2b-b920-3885-e931a041cd05}.Debug|Any CPU.ActiveCfg = Debug|Any CPU
		{c837f1aa-5e2b-b920-3885-e931a041cd05}.Debug|Any CPU.Build.0 = Debug|Any CPU
		{31ef1303-5b45-6888-3360-00dcc0d48786}.Debug|Any CPU.ActiveCfg = Debug|Any CPU
		{31ef1303-5b45-6888-3360-00dcc0d48786}.Debug|Any CPU.Build.0 = Debug|Any CPU
		{2e36e904-3c26-3fb2-70e4-16f5f916b8a9}.Debug|Any CPU.ActiveCfg = Debug|Any CPU
		{2e36e904-3c26-3fb2-70e4-16f5f916b8a9}.Debug|Any CPU.Build.0 = Debug|Any CPU
		{3b251e49-f7a5-a4ef-b57b-ee7bafc70225}.Debug|Any CPU.ActiveCfg = Debug|Any CPU
		{3b251e49-f7a5-a4ef-b57b-ee7bafc70225}.Debug|Any CPU.Build.0 = Debug|Any CPU
		{2dff306b-72d3-87be-ae86-6655fe068d61}.Debug|Any CPU.ActiveCfg = Debug|Any CPU
		{2dff306b-72d3-87be-ae86-6655fe068d61}.Debug|Any CPU.Build.0 = Debug|Any CPU
		{82604cc6-7a9a-619d-c579-347e801be77d}.Debug|Any CPU.ActiveCfg = Debug|Any CPU
		{82604cc6-7a9a-619d-c579-347e801be77d}.Debug|Any CPU.Build.0 = Debug|Any CPU
		{f42b62cc-cc0e-4206-7eb0-e7a8d09a3b97}.Debug|Any CPU.ActiveCfg = Debug|Any CPU
		{f42b62cc-cc0e-4206-7eb0-e7a8d09a3b97}.Debug|Any CPU.Build.0 = Debug|Any CPU
		{355150d8-d5c0-41e9-e746-c41dc4a74a7e}.Debug|Any CPU.ActiveCfg = Debug|Any CPU
		{355150d8-d5c0-41e9-e746-c41dc4a74a7e}.Debug|Any CPU.Build.0 = Debug|Any CPU
		{22032013-1aba-d9cf-e995-f1c5aca0d55f}.Debug|Any CPU.ActiveCfg = Debug|Any CPU
		{22032013-1aba-d9cf-e995-f1c5aca0d55f}.Debug|Any CPU.Build.0 = Debug|Any CPU
		{b3c69c8a-6904-b92c-adfa-8bcda2387198}.Debug|Any CPU.ActiveCfg = Debug|Any CPU
		{b3c69c8a-6904-b92c-adfa-8bcda2387198}.Debug|Any CPU.Build.0 = Debug|Any CPU
		{8980973d-3f45-b289-9648-4719412ed19f}.Debug|Any CPU.ActiveCfg = Debug|Any CPU
		{8980973d-3f45-b289-9648-4719412ed19f}.Debug|Any CPU.Build.0 = Debug|Any CPU
		{e1fc779b-aa2e-6ea8-ff91-016680418865}.Debug|Any CPU.ActiveCfg = Debug|Any CPU
		{e1fc779b-aa2e-6ea8-ff91-016680418865}.Debug|Any CPU.Build.0 = Debug|Any CPU
	EndGlobalSection
	GlobalSection(NestedProjects) = preSolution
		{05608FE6-4FD1-4E9D-9BE2-B13A0E370BA2} = {50AC933A-AF89-3D94-8B5D-3E97B530A85C}
		{084172D1-A9C6-46D0-96AD-05C5B09A5E5D} = {50AC933A-AF89-3D94-8B5D-3E97B530A85C}
		{01C3DEF5-50B2-47CB-9467-19BC6DDF9D3D} = {50AC933A-AF89-3D94-8B5D-3E97B530A85C}
		{4A9ABB95-3762-448B-B5BF-099E46DB22DE} = {50AC933A-AF89-3D94-8B5D-3E97B530A85C}
		{2C06BADC-32EE-4DB0-88A2-CE314BC4891A} = {4F7194BD-7859-3865-8277-A7152022284D}
		{C8CC31ED-80E4-4D63-9694-A7B548481418} = {4F7194BD-7859-3865-8277-A7152022284D}
		{d4fbdb85-1b7a-dabd-b652-9516f8295d11} = {3EF5887E-209E-3926-91A0-8339DF32B9DA}
		{8f5c030f-8ed5-ac34-3342-851eb2e4a67f} = {3EF5887E-209E-3926-91A0-8339DF32B9DA}
		{0aded14e-802c-84cf-fab2-62a448d90da7} = {3EF5887E-209E-3926-91A0-8339DF32B9DA}
		{b5dd3a92-af61-4ae6-2ee1-e2d5ae2cc32c} = {3EF5887E-209E-3926-91A0-8339DF32B9DA}
		{31692e30-8b57-a2d4-7fcb-cac3d8cdd7e9} = {3EF5887E-209E-3926-91A0-8339DF32B9DA}
		{7b52ffcf-86a5-0d1e-c39a-260c9549266e} = {3EF5887E-209E-3926-91A0-8339DF32B9DA}
		{b9e84d84-4734-eacd-bd1c-7344719448a1} = {3EF5887E-209E-3926-91A0-8339DF32B9DA}
		{471d72b8-ede6-8573-378b-056fbe74582b} = {3EF5887E-209E-3926-91A0-8339DF32B9DA}
		{53148aad-62c0-26c6-86f9-25812b9f68e7} = {3EF5887E-209E-3926-91A0-8339DF32B9DA}
		{50ec6bde-d9f8-2c48-8177-32c484110e20} = {3EF5887E-209E-3926-91A0-8339DF32B9DA}
		{2e36e904-3c26-3fb2-70e4-16f5f916b8a9} = {3EF5887E-209E-3926-91A0-8339DF32B9DA}
		{3b251e49-f7a5-a4ef-b57b-ee7bafc70225} = {3EF5887E-209E-3926-91A0-8339DF32B9DA}
		{BDB66EEE-228A-3400-8363-DA1E56D2982E} = {942D0E48-4CAC-3324-BFD9-16C76E6F1F4F}
		{f847bd9c-27b7-e901-0271-66b931008990} = {BDB66EEE-228A-3400-8363-DA1E56D2982E}
		{8c184b69-fea7-c0e1-bfc5-ce3663a4503a} = {BDB66EEE-228A-3400-8363-DA1E56D2982E}
		{12f08900-922c-f5e6-b428-31f48c980c0f} = {BDB66EEE-228A-3400-8363-DA1E56D2982E}
		{608ec2a6-8c95-39fc-5bbc-b0eee729974d} = {BDB66EEE-228A-3400-8363-DA1E56D2982E}
		{2ae7c2fd-ff9b-a27e-6a2d-3356c030bdc1} = {BDB66EEE-228A-3400-8363-DA1E56D2982E}
		{01c05a6d-b0d5-e791-88de-a1225d706453} = {BDB66EEE-228A-3400-8363-DA1E56D2982E}
		{00cacc7c-998e-46f2-8195-8e799b293929} = {BDB66EEE-228A-3400-8363-DA1E56D2982E}
		{03be1ef9-9584-cdd0-5928-7db7a5af00fe} = {BDB66EEE-228A-3400-8363-DA1E56D2982E}
		{e13c6962-6b5c-60a3-c2f4-c78e2ee2038c} = {BDB66EEE-228A-3400-8363-DA1E56D2982E}
		{c2817ad0-7eb1-7ee9-e1ee-6d57fa7a2ad6} = {BDB66EEE-228A-3400-8363-DA1E56D2982E}
		{16a57932-99ff-4fd2-61bd-be6498a89732} = {BDB66EEE-228A-3400-8363-DA1E56D2982E}
		{36b0a807-54e7-31e7-1268-964e6a3d8b58} = {BDB66EEE-228A-3400-8363-DA1E56D2982E}
		{9e3bdbdc-e332-4778-515e-8596e877f517} = {BDB66EEE-228A-3400-8363-DA1E56D2982E}
		{aa2c07ab-97e1-cecb-1419-84baf669c20e} = {BDB66EEE-228A-3400-8363-DA1E56D2982E}
		{26576205-0e86-b4f4-8f7a-495526b07213} = {BDB66EEE-228A-3400-8363-DA1E56D2982E}
		{cb6968c4-a6c9-51f6-1aaa-206e32d52ad7} = {BDB66EEE-228A-3400-8363-DA1E56D2982E}
		{7d0e9af4-c6b0-a0c4-1a5c-d10459727770} = {BDB66EEE-228A-3400-8363-DA1E56D2982E}
		{294ba5bb-1478-da95-39a0-08cc6cef8ba4} = {BDB66EEE-228A-3400-8363-DA1E56D2982E}
		{50df853a-7713-5e70-e72a-220c606db08f} = {BDB66EEE-228A-3400-8363-DA1E56D2982E}
		{8047e347-0fac-075c-5407-aabcdb62612d} = {BDB66EEE-228A-3400-8363-DA1E56D2982E}
		{394136b1-21f9-fafe-642e-712a94a74241} = {BDB66EEE-228A-3400-8363-DA1E56D2982E}
		{11fa7156-7acb-c3f9-e4a0-25a5d4bd85ae} = {BDB66EEE-228A-3400-8363-DA1E56D2982E}
		{67e67057-e5c6-166a-bdee-00b0f4e27d91} = {BDB66EEE-228A-3400-8363-DA1E56D2982E}
		{b57bba9d-7c10-0ca4-0ec3-e90981d37055} = {BDB66EEE-228A-3400-8363-DA1E56D2982E}
		{90c324ef-ca74-9be5-4d8f-8774d253faf6} = {BDB66EEE-228A-3400-8363-DA1E56D2982E}
		{d0252fe4-d345-0671-3fd3-29a13c29a6c7} = {BDB66EEE-228A-3400-8363-DA1E56D2982E}
		{2646cc15-87fc-9567-cb45-b4ccfff92f3c} = {BDB66EEE-228A-3400-8363-DA1E56D2982E}
		{e7daadf1-f2c8-05d4-237d-4126014580e0} = {BDB66EEE-228A-3400-8363-DA1E56D2982E}
		{bda6399f-b2e8-3390-3737-74a8f1d279b2} = {BDB66EEE-228A-3400-8363-DA1E56D2982E}
		{2b67a579-57d0-4298-0d3b-453c7c4d6674} = {BDB66EEE-228A-3400-8363-DA1E56D2982E}
		{c0a50460-ebbd-180b-7f88-7b2b56f54d06} = {BDB66EEE-228A-3400-8363-DA1E56D2982E}
		{8998cc62-e7b7-0681-2117-fc98da981bef} = {BDB66EEE-228A-3400-8363-DA1E56D2982E}
		{2dba0deb-176d-e97a-2fd2-e65be863c452} = {BDB66EEE-228A-3400-8363-DA1E56D2982E}
		{e6db31b6-c6a6-5b88-a962-6044d000f5e4} = {BDB66EEE-228A-3400-8363-DA1E56D2982E}
		{3bf46e69-1fe6-ddc8-ea43-b50b4086fe64} = {BDB66EEE-228A-3400-8363-DA1E56D2982E}
		{a6169d11-8c57-3abd-308c-6750f66df56a} = {BDB66EEE-228A-3400-8363-DA1E56D2982E}
		{14b96429-9672-ac9a-8159-155fc1fb0c5c} = {BDB66EEE-228A-3400-8363-DA1E56D2982E}
		{49b0063b-ac31-8c32-cd8f-41bd6568197d} = {BDB66EEE-228A-3400-8363-DA1E56D2982E}
		{4e9343a8-0e04-6e2a-83b4-e8ce4f6d2eb5} = {BDB66EEE-228A-3400-8363-DA1E56D2982E}
		{32a75e10-5ca9-2a6c-020d-6c8f44ffd81d} = {BDB66EEE-228A-3400-8363-DA1E56D2982E}
		{8fe66706-161b-b3ac-07b9-185c9dd7bf54} = {BDB66EEE-228A-3400-8363-DA1E56D2982E}
		{80f1fd55-f2cb-5f5b-88b6-b07176ad3ad8} = {BDB66EEE-228A-3400-8363-DA1E56D2982E}
		{39966e60-685b-10af-5d6c-b96c7118df97} = {BDB66EEE-228A-3400-8363-DA1E56D2982E}
		{99211c90-b739-9680-4d8d-c403ed35cc52} = {BDB66EEE-228A-3400-8363-DA1E56D2982E}
		{27203b67-5290-5980-4971-6ba3bef06451} = {BDB66EEE-228A-3400-8363-DA1E56D2982E}
		{34c6c0f7-ae16-8f3f-05a5-128efb9d6dbd} = {BDB66EEE-228A-3400-8363-DA1E56D2982E}
		{c313fc6f-c36e-1c33-7afe-b29e758b2c61} = {BDB66EEE-228A-3400-8363-DA1E56D2982E}
		{1f1be8ad-a8fb-dc28-6fee-889d73231f06} = {BDB66EEE-228A-3400-8363-DA1E56D2982E}
		{392234b9-bf7b-ba89-9b59-0a4742df84a2} = {BDB66EEE-228A-3400-8363-DA1E56D2982E}
		{6acf83c8-9094-20f2-8071-afbcf7a84b14} = {BDB66EEE-228A-3400-8363-DA1E56D2982E}
		{cf3f0663-ec00-b603-180c-1697da26a9d6} = {BDB66EEE-228A-3400-8363-DA1E56D2982E}
		{130f6f9c-66a1-3cc1-c608-acf1ef1fcd2f} = {BDB66EEE-228A-3400-8363-DA1E56D2982E}
		{786d9202-2c27-f96b-4378-75c4405f37ae} = {BDB66EEE-228A-3400-8363-DA1E56D2982E}
		{826f5233-e5eb-43e6-da62-811fd91ea236} = {BDB66EEE-228A-3400-8363-DA1E56D2982E}
		{89220799-9106-41b2-d011-698e059f4d67} = {BDB66EEE-228A-3400-8363-DA1E56D2982E}
		{e52f5ff0-eccd-619b-0530-db9fbfb3f961} = {BDB66EEE-228A-3400-8363-DA1E56D2982E}
		{48e69100-da15-f08f-e601-df483904950d} = {BDB66EEE-228A-3400-8363-DA1E56D2982E}
		{b8cf17d3-0b75-a51c-24ce-a84a546e304e} = {BDB66EEE-228A-3400-8363-DA1E56D2982E}
		{47823653-8643-8db8-4a1e-a2f5e2aeec9a} = {BDB66EEE-228A-3400-8363-DA1E56D2982E}
		{28a2f60d-b017-8b61-03bb-abf06b93468c} = {BDB66EEE-228A-3400-8363-DA1E56D2982E}
		{07cdf731-a58b-7c84-06a6-cd57bd3d69b6} = {BDB66EEE-228A-3400-8363-DA1E56D2982E}
		{f232b60e-f812-894c-15f0-69c051783cbd} = {BDB66EEE-228A-3400-8363-DA1E56D2982E}
		{2ea70e25-452e-a7d7-48ea-e4ac57e00532} = {BDB66EEE-228A-3400-8363-DA1E56D2982E}
		{0dacaead-da95-d91a-947c-73441a1c7638} = {BDB66EEE-228A-3400-8363-DA1E56D2982E}
		{7815eacf-2750-0da7-c0a4-d068f48afaf2} = {BDB66EEE-228A-3400-8363-DA1E56D2982E}
		{defc6497-e366-2af2-7986-ba1aec0de94b} = {BDB66EEE-228A-3400-8363-DA1E56D2982E}
		{f53cf7ff-ad77-d1f6-5933-3007b90ca0d9} = {BDB66EEE-228A-3400-8363-DA1E56D2982E}
		{85fdfa70-5ecd-731d-8afc-46d0f2c9f172} = {BDB66EEE-228A-3400-8363-DA1E56D2982E}
		{6bbf33e4-d5cd-4312-b998-bdf3c61e9c7a} = {BDB66EEE-228A-3400-8363-DA1E56D2982E}
		{d8e1ae04-9f43-4eca-9967-4e617c5ca3c9} = {BDB66EEE-228A-3400-8363-DA1E56D2982E}
		{8df6266a-1d6f-782f-4bf6-a3a7ceb03f05} = {BDB66EEE-228A-3400-8363-DA1E56D2982E}
		{85ec3b0b-b1b2-4b6f-dcb6-8ae2b5754c6e} = {BDB66EEE-228A-3400-8363-DA1E56D2982E}
		{b9f40b23-10be-80ce-bf04-7c5620fbe63d} = {BDB66EEE-228A-3400-8363-DA1E56D2982E}
		{b1e4fc21-d267-c73d-84fa-d1b8a59477b7} = {BDB66EEE-228A-3400-8363-DA1E56D2982E}
		{18ffd2a4-b971-4c8a-be26-31d2c5b8717b} = {BDB66EEE-228A-3400-8363-DA1E56D2982E}
		{19b3f8c0-b975-0ffb-6663-438d3f8a6a47} = {BDB66EEE-228A-3400-8363-DA1E56D2982E}
		{25fdef5a-5260-469a-feb8-e6e90c3e82db} = {BDB66EEE-228A-3400-8363-DA1E56D2982E}
		{a81a03c2-3749-00e0-5e89-aaeba3823537} = {BDB66EEE-228A-3400-8363-DA1E56D2982E}
		{498bf726-a9be-391b-95d7-3f6a915e6fef} = {BDB66EEE-228A-3400-8363-DA1E56D2982E}
		{d54330c6-8c7b-e23c-5d49-d6bf1ff08bd8} = {BDB66EEE-228A-3400-8363-DA1E56D2982E}
		{1e34b728-d1c3-66bd-38b8-df3b336a0478} = {BDB66EEE-228A-3400-8363-DA1E56D2982E}
		{549e5960-7f0c-86ec-8868-72f792cd4626} = {BDB66EEE-228A-3400-8363-DA1E56D2982E}
		{000b7839-d379-5274-ea49-218511956e9e} = {BDB66EEE-228A-3400-8363-DA1E56D2982E}
		{0941856e-ca88-2106-51c5-38cba14a0dbf} = {BDB66EEE-228A-3400-8363-DA1E56D2982E}
		{da76ce0f-2a61-9db7-de18-21c03b540937} = {BDB66EEE-228A-3400-8363-DA1E56D2982E}
		{672b2c85-c78c-edb0-a826-82116a5ff69a} = {BDB66EEE-228A-3400-8363-DA1E56D2982E}
		{01217f08-a6f7-b34e-6382-febf263b81a0} = {BDB66EEE-228A-3400-8363-DA1E56D2982E}
		{9156b9d5-bf72-f5e5-7e73-1d076fe9376b} = {BDB66EEE-228A-3400-8363-DA1E56D2982E}
		{6497f3f1-e2d0-2c0c-ad3e-b1851e7a1976} = {BDB66EEE-228A-3400-8363-DA1E56D2982E}
		{7ac42de8-5ed2-4ed8-c298-e9c877446adc} = {BDB66EEE-228A-3400-8363-DA1E56D2982E}
		{01a1410a-7960-5957-e6b4-45e8c39877e9} = {BDB66EEE-228A-3400-8363-DA1E56D2982E}
		{3dff8741-759b-db20-4c13-57d5601c5821} = {BDB66EEE-228A-3400-8363-DA1E56D2982E}
		{9d35c6e4-3bd5-21a3-7339-29b7308bac34} = {BDB66EEE-228A-3400-8363-DA1E56D2982E}
		{42e024d7-2c46-2026-31bd-f91b83504701} = {BDB66EEE-228A-3400-8363-DA1E56D2982E}
		{473dbdde-da6b-8a15-6def-99ad9438edf8} = {BDB66EEE-228A-3400-8363-DA1E56D2982E}
		{049bd6c7-4149-d8c9-47d9-d4d8470488b7} = {BDB66EEE-228A-3400-8363-DA1E56D2982E}
		{d90f5669-d30a-3912-f7b9-e375096776a2} = {BDB66EEE-228A-3400-8363-DA1E56D2982E}
		{df9973fd-63a6-3efb-2f5e-9f86b6348126} = {BDB66EEE-228A-3400-8363-DA1E56D2982E}
		{66e5c2f3-327c-48d3-a3d8-5d4ecf945587} = {BDB66EEE-228A-3400-8363-DA1E56D2982E}
		{f3664b6a-8885-80da-3504-8dfac4c481f2} = {BDB66EEE-228A-3400-8363-DA1E56D2982E}
		{c3936410-dd94-c868-fc74-a702de216731} = {BDB66EEE-228A-3400-8363-DA1E56D2982E}
		{4fae890b-c7e9-2f23-fa64-eb53d652b4b2} = {BDB66EEE-228A-3400-8363-DA1E56D2982E}
		{487dfb54-70ba-11f8-da90-744f971f3293} = {BDB66EEE-228A-3400-8363-DA1E56D2982E}
		{3e5e1a3b-5dc2-efcd-fbd8-012855b9e15d} = {BDB66EEE-228A-3400-8363-DA1E56D2982E}
		{5c157a06-2bca-91fc-913d-56a9fce600b7} = {BDB66EEE-228A-3400-8363-DA1E56D2982E}
		{0a9c3fbe-9fcc-0119-e47c-627bac49edf1} = {BDB66EEE-228A-3400-8363-DA1E56D2982E}
		{811a98a1-b84d-baa6-2797-abc63b7e970f} = {BDB66EEE-228A-3400-8363-DA1E56D2982E}
		{e1bf24b6-0fe3-6233-04e3-5381b6d3d833} = {BDB66EEE-228A-3400-8363-DA1E56D2982E}
		{5ebafd34-4a41-d706-a76c-6561f5e8fd4a} = {BDB66EEE-228A-3400-8363-DA1E56D2982E}
		{1c3a15c4-c20a-bc4d-7cc9-3b99901b06c2} = {BDB66EEE-228A-3400-8363-DA1E56D2982E}
		{545326cf-615b-7fde-1bea-bc397bbd8f16} = {BDB66EEE-228A-3400-8363-DA1E56D2982E}
		{0e88b07c-00e4-4580-1f12-00da59a01989} = {BDB66EEE-228A-3400-8363-DA1E56D2982E}
		{5c61db9f-69a5-95b6-9689-a2ddd5dd0190} = {BDB66EEE-228A-3400-8363-DA1E56D2982E}
		{4799a98a-44a0-4648-d42b-c813b8ed012f} = {BDB66EEE-228A-3400-8363-DA1E56D2982E}
		{948942be-c212-497e-ff6e-a43183cf9de6} = {BDB66EEE-228A-3400-8363-DA1E56D2982E}
		{acb7ccca-ccea-3850-4a53-b83e46f4193c} = {BDB66EEE-228A-3400-8363-DA1E56D2982E}
		{4017efcc-f916-8220-18b1-b7044e9aecca} = {BDB66EEE-228A-3400-8363-DA1E56D2982E}
		{b526e468-c03c-a57f-082b-e46acc0b6900} = {BDB66EEE-228A-3400-8363-DA1E56D2982E}
		{890d41a8-f206-8604-3629-e95a7bfd5289} = {BDB66EEE-228A-3400-8363-DA1E56D2982E}
		{e4390ac9-72fa-4011-3667-b5cda733534f} = {BDB66EEE-228A-3400-8363-DA1E56D2982E}
		{d3d093e1-0b90-7645-0af7-a200a48dfef7} = {BDB66EEE-228A-3400-8363-DA1E56D2982E}
		{918d222c-bb27-512c-78c4-68c100740d6a} = {BDB66EEE-228A-3400-8363-DA1E56D2982E}
		{ae3a93d0-a9ec-9d93-83b7-1f7cda851b99} = {BDB66EEE-228A-3400-8363-DA1E56D2982E}
		{8b7fe622-51e1-aa14-f38e-ebc7c2c783c4} = {BDB66EEE-228A-3400-8363-DA1E56D2982E}
		{17c5be43-e93f-d4bf-c401-68d9d63de541} = {BDB66EEE-228A-3400-8363-DA1E56D2982E}
		{fe1d8511-a1e9-a5ed-4a98-8f9eb827ca98} = {BDB66EEE-228A-3400-8363-DA1E56D2982E}
		{bde57c76-c8ed-b05f-903a-996d807d9067} = {BDB66EEE-228A-3400-8363-DA1E56D2982E}
		{4d97282c-120e-e2e8-74fe-b543b3ea9c13} = {BDB66EEE-228A-3400-8363-DA1E56D2982E}
		{299c74c1-dad8-5ec3-0ff0-2e330a3d344d} = {BDB66EEE-228A-3400-8363-DA1E56D2982E}
		{2c9e318a-b999-c3d3-7ace-28646def2c85} = {BDB66EEE-228A-3400-8363-DA1E56D2982E}
		{5b4b0085-d0ec-e8f3-0960-81690bc22ab0} = {BDB66EEE-228A-3400-8363-DA1E56D2982E}
		{87a6af62-4f31-20ac-fb83-c7f91005e3ea} = {BDB66EEE-228A-3400-8363-DA1E56D2982E}
		{7f64291e-2eef-77b1-bc05-8ece2f98e4cf} = {BDB66EEE-228A-3400-8363-DA1E56D2982E}
		{c7071efb-fc3e-6b9c-2dc8-e25e7c6a04a7} = {BDB66EEE-228A-3400-8363-DA1E56D2982E}
		{e21b8931-23dd-fcc4-a2ed-d7d2035665a6} = {BDB66EEE-228A-3400-8363-DA1E56D2982E}
		{02d32e18-3e02-67df-17ae-1fc550fecc93} = {BDB66EEE-228A-3400-8363-DA1E56D2982E}
		{411534f8-b70a-8dd9-13f5-0c1ec7dadf50} = {BDB66EEE-228A-3400-8363-DA1E56D2982E}
		{ad6b35c7-0609-be71-a6a9-845db036905c} = {BDB66EEE-228A-3400-8363-DA1E56D2982E}
		{f9ee2739-2e4a-ca54-1aec-b872a9a91dfe} = {BDB66EEE-228A-3400-8363-DA1E56D2982E}
		{275f7c2c-1dc6-786d-c3a3-0e7177f32e97} = {BDB66EEE-228A-3400-8363-DA1E56D2982E}
		{a162f77e-7fce-8eb5-a275-8e89e1d12ebf} = {BDB66EEE-228A-3400-8363-DA1E56D2982E}
		{89031048-7e10-7132-f763-3ca74235211e} = {BDB66EEE-228A-3400-8363-DA1E56D2982E}
		{c5b5c658-0b41-0247-5101-eb08edfaa309} = {BDB66EEE-228A-3400-8363-DA1E56D2982E}
		{10b527bb-c09f-f4cf-0daa-8984511fab92} = {BDB66EEE-228A-3400-8363-DA1E56D2982E}
		{c837f1aa-5e2b-b920-3885-e931a041cd05} = {BDB66EEE-228A-3400-8363-DA1E56D2982E}
		{31ef1303-5b45-6888-3360-00dcc0d48786} = {BDB66EEE-228A-3400-8363-DA1E56D2982E}
		{2dff306b-72d3-87be-ae86-6655fe068d61} = {BDB66EEE-228A-3400-8363-DA1E56D2982E}
		{82604cc6-7a9a-619d-c579-347e801be77d} = {BDB66EEE-228A-3400-8363-DA1E56D2982E}
		{f42b62cc-cc0e-4206-7eb0-e7a8d09a3b97} = {BDB66EEE-228A-3400-8363-DA1E56D2982E}
		{355150d8-d5c0-41e9-e746-c41dc4a74a7e} = {BDB66EEE-228A-3400-8363-DA1E56D2982E}
		{22032013-1aba-d9cf-e995-f1c5aca0d55f} = {BDB66EEE-228A-3400-8363-DA1E56D2982E}
		{b3c69c8a-6904-b92c-adfa-8bcda2387198} = {BDB66EEE-228A-3400-8363-DA1E56D2982E}
		{8980973d-3f45-b289-9648-4719412ed19f} = {BDB66EEE-228A-3400-8363-DA1E56D2982E}
		{e1fc779b-aa2e-6ea8-ff91-016680418865} = {BDB66EEE-228A-3400-8363-DA1E56D2982E}
	EndGlobalSection
EndGlobal
